{
  "version": 4,
  "terraform_version": "1.12.2",
  "serial": 8,
  "lineage": "71a0dc38-73db-8e39-7153-91be49ec7d04",
  "outputs": {
    "hostname_debug": {
      "value": {
        "contract_id": "ctr_1-1NC95D",
        "filter_pending_default_certs": false,
        "group_id": "grp_241797",
        "hostname_bucket": null,
        "hostnames": [
          {
            "cert_provisioning_type": "DEFAULT",
            "cert_status": [
              {
                "hostname": "_acme-challenge.test.virajterra.gsslab.com",
                "production_status": "PENDING",
                "staging_status": "PENDING",
                "target": "ac.f6930d311114ca1ae75333f3139d8c01.test.virajterra.gsslab.com.validate-akdv.net"
              }
            ],
            "cname_from": "test.virajterra.gsslab.com",
            "cname_to": "test.virajterra.gsslab.com.edgesuite.net",
            "cname_type": "EDGE_HOSTNAME",
            "edge_hostname_id": "ehn_6078195"
          }
        ],
        "id": "prp_12919152",
        "property_id": "prp_1291915",
        "version": 2
      },
      "type": [
        "object",
        {
          "contract_id": "string",
          "filter_pending_default_certs": "bool",
          "group_id": "string",
          "hostname_bucket": [
            "list",
            [
              "object",
              {
                "cert_status": [
                  "list",
                  [
                    "object",
                    {
                      "hostname": "string",
                      "production_status": "string",
                      "staging_status": "string",
                      "target": "string"
                    }
                  ]
                ],
                "cname_from": "string",
                "cname_type": "string",
                "production_cert_type": "string",
                "production_cname_to": "string",
                "production_edge_hostname_id": "string",
                "staging_cert_type": "string",
                "staging_cname_to": "string",
                "staging_edge_hostname_id": "string"
              }
            ]
          ],
          "hostnames": [
            "list",
            [
              "object",
              {
                "cert_provisioning_type": "string",
                "cert_status": [
                  "list",
                  [
                    "object",
                    {
                      "hostname": "string",
                      "production_status": "string",
                      "staging_status": "string",
                      "target": "string"
                    }
                  ]
                ],
                "cname_from": "string",
                "cname_to": "string",
                "cname_type": "string",
                "edge_hostname_id": "string"
              }
            ]
          ],
          "id": "string",
          "property_id": "string",
          "version": "number"
        }
      ]
    },
    "validation": {
      "value": [
        {
          "ccm_cert_status": [],
          "ccm_certificates": [],
          "cert_provisioning_type": "DEFAULT",
          "cert_status": [
            {
              "hostname": "_acme-challenge.test.virajterra.gsslab.com",
              "production_status": "PENDING",
              "staging_status": "PENDING",
              "target": "ac.f6930d311114ca1ae75333f3139d8c01.test.virajterra.gsslab.com.validate-akdv.net"
            }
          ],
          "cname_from": "test.virajterra.gsslab.com",
          "cname_to": "test.virajterra.gsslab.com.edgesuite.net",
          "cname_type": "EDGE_HOSTNAME",
          "edge_hostname_id": "ehn_6078195"
        }
      ],
      "type": [
        "set",
        [
          "object",
          {
            "ccm_cert_status": [
              "list",
              [
                "object",
                {
                  "ecdsa_production_status": "string",
                  "ecdsa_staging_status": "string",
                  "rsa_production_status": "string",
                  "rsa_staging_status": "string"
                }
              ]
            ],
            "ccm_certificates": [
              "list",
              [
                "object",
                {
                  "ecdsa_cert_id": "string",
                  "rsa_cert_id": "string"
                }
              ]
            ],
            "cert_provisioning_type": "string",
            "cert_status": [
              "list",
              [
                "object",
                {
                  "hostname": "string",
                  "production_status": "string",
                  "staging_status": "string",
                  "target": "string"
                }
              ]
            ],
            "cname_from": "string",
            "cname_to": "string",
            "cname_type": "string",
            "edge_hostname_id": "string"
          }
        ]
      ]
    }
  },
  "resources": [
    {
      "mode": "data",
      "type": "akamai_property_hostnames",
      "name": "tf_demo_hostnames",
      "provider": "provider[\"registry.terraform.io/akamai/akamai\"]",
      "instances": [
        {
          "schema_version": 0,
          "attributes": {
            "contract_id": "ctr_1-1NC95D",
            "filter_pending_default_certs": false,
            "group_id": "grp_241797",
            "hostname_bucket": null,
            "hostnames": [
              {
                "cert_provisioning_type": "DEFAULT",
                "cert_status": [
                  {
                    "hostname": "_acme-challenge.test.virajterra.gsslab.com",
                    "production_status": "PENDING",
                    "staging_status": "PENDING",
                    "target": "ac.f6930d311114ca1ae75333f3139d8c01.test.virajterra.gsslab.com.validate-akdv.net"
                  }
                ],
                "cname_from": "test.virajterra.gsslab.com",
                "cname_to": "test.virajterra.gsslab.com.edgesuite.net",
                "cname_type": "EDGE_HOSTNAME",
                "edge_hostname_id": "ehn_6078195"
              }
            ],
            "id": "prp_12919152",
            "property_id": "prp_1291915",
            "version": 2
          },
          "sensitive_attributes": [],
          "identity_schema_version": 0
        }
      ]
    },
    {
      "mode": "data",
      "type": "akamai_property_rules_builder",
      "name": "property_name_rule_-content--",
      "provider": "provider[\"registry.terraform.io/akamai/akamai\"]",
      "instances": [
        {
          "schema_version": 0,
          "attributes": {
            "id": "5a80c08091ba0e650d7b99698c63c2a8",
            "json": "{\n  \"_ruleFormat_\": \"rules_v2024_01_09\",\n  \"rules\": {\n    \"behaviors\": [\n      {\n        \"name\": \"origin\",\n        \"options\": {\n          \"netStorage\": {\n            \"cpCode\": 320422,\n            \"downloadDomainName\": \"atf.download.akamai.com\"\n          },\n          \"originType\": \"NET_STORAGE\"\n        }\n      },\n      {\n        \"name\": \"caching\",\n        \"options\": {\n          \"behavior\": \"MAX_AGE\",\n          \"mustRevalidate\": false,\n          \"ttl\": \"10m\"\n        }\n      },\n      {\n        \"name\": \"rewriteUrl\",\n        \"options\": {\n          \"behavior\": \"REPLACE\",\n          \"keepQueryString\": true,\n          \"match\": \"/sandbox/\",\n          \"matchMultiple\": false,\n          \"targetPath\": \"/sfztest1/Archive/\"\n        }\n      }\n    ],\n    \"criteria\": [\n      {\n        \"name\": \"path\",\n        \"options\": {\n          \"matchCaseSensitive\": false,\n          \"matchOperator\": \"MATCHES_ONE_OF\",\n          \"normalize\": false,\n          \"values\": [\n            \"/sandbox/*\"\n          ]\n        }\n      }\n    ],\n    \"name\": \"/content/*\",\n    \"options\": {},\n    \"criteriaMustSatisfy\": \"all\"\n  }\n}",
            "rule_format": "v2024-01-09",
            "rules_v2023_01_05": null,
            "rules_v2023_05_30": null,
            "rules_v2023_09_20": null,
            "rules_v2023_10_30": null,
            "rules_v2024_01_09": [
              {
                "advanced_override": "",
                "behavior": [
                  {
                    "ad_scaler_circuit_breaker": [],
                    "adaptive_acceleration": [],
                    "adaptive_image_compression": [],
                    "advanced": [],
                    "aggregated_reporting": [],
                    "akamaizer": [],
                    "akamaizer_tag": [],
                    "all_http_in_cache_hierarchy": [],
                    "allow_cloudlets_origins": [],
                    "allow_delete": [],
                    "allow_https_cache_key_sharing": [],
                    "allow_https_downgrade": [],
                    "allow_options": [],
                    "allow_patch": [],
                    "allow_post": [],
                    "allow_put": [],
                    "allow_transfer_encoding": [],
                    "alt_svc_header": [],
                    "api_prioritization": [],
                    "application_load_balancer": [],
                    "audience_segmentation": [],
                    "auto_domain_validation": [],
                    "base_directory": [],
                    "boss_beaconing": [],
                    "breadcrumbs": [],
                    "break_connection": [],
                    "brotli": [],
                    "cache_error": [],
                    "cache_id": [],
                    "cache_key_ignore_case": [],
                    "cache_key_query_params": [],
                    "cache_key_rewrite": [],
                    "cache_post": [],
                    "cache_redirect": [],
                    "cache_tag": [],
                    "cache_tag_visible": [],
                    "caching": [],
                    "central_authorization": [],
                    "chase_redirects": [],
                    "client_certificate_auth": [],
                    "client_characteristics": [],
                    "cloud_interconnects": [],
                    "cloud_wrapper": [],
                    "cloud_wrapper_advanced": [],
                    "common_media_client_data": [],
                    "conditional_origin": [],
                    "construct_response": [],
                    "content_characteristics": [],
                    "content_characteristics_amd": [],
                    "content_characteristics_dd": [],
                    "content_characteristics_wsd_large_file": [],
                    "content_characteristics_wsd_live": [],
                    "content_characteristics_wsd_vod": [],
                    "content_pre_position": [],
                    "content_targeting_protection": [],
                    "cors_support": [],
                    "cp_code": [],
                    "custom_behavior": [],
                    "datastream": [],
                    "dcp": [],
                    "dcp_auth_hmac_transformation": [],
                    "dcp_auth_regex_transformation": [],
                    "dcp_auth_substring_transformation": [],
                    "dcp_auth_variable_extractor": [],
                    "dcp_default_authz_groups": [],
                    "dcp_dev_relations": [],
                    "dcp_real_time_auth": [],
                    "delivery_receipt": [],
                    "deny_access": [],
                    "deny_direct_failover_access": [],
                    "device_characteristic_cache_id": [],
                    "device_characteristic_header": [],
                    "dns_async_refresh": [],
                    "dns_prefresh": [],
                    "downgrade_protocol": [],
                    "download_complete_marker": [],
                    "download_notification": [],
                    "downstream_cache": [],
                    "dynamic_throughtput_optimization": [],
                    "dynamic_throughtput_optimization_override": [],
                    "dynamic_web_content": [],
                    "ecms_bulk_upload": [],
                    "ecms_database": [],
                    "ecms_dataset": [],
                    "ecms_object_key": [],
                    "edge_connect": [],
                    "edge_load_balancing_advanced": [],
                    "edge_load_balancing_data_center": [],
                    "edge_load_balancing_origin": [],
                    "edge_origin_authorization": [],
                    "edge_redirector": [],
                    "edge_scape": [],
                    "edge_side_includes": [],
                    "edge_worker": [],
                    "enforce_mtls_settings": [],
                    "enhanced_akamai_protocol": [],
                    "enhanced_proxy_detection": [],
                    "epd_forward_header_enrichment": [],
                    "fail_action": [],
                    "failover_bot_manager_feature_compatibility": [],
                    "fast_invalidate": [],
                    "fips": [],
                    "first_party_marketing": [],
                    "first_party_marketing_plus": [],
                    "forward_rewrite": [],
                    "g2oheader": [],
                    "global_request_number": [],
                    "graphql_caching": [],
                    "gzip_response": [],
                    "hd_data_advanced": [],
                    "health_detection": [],
                    "hsaf_eip_binding": [],
                    "http2": [],
                    "http3": [],
                    "http_strict_transport_security": [],
                    "http_to_https_upgrade": [],
                    "im_override": [],
                    "image_and_video_manager": [],
                    "image_manager": [],
                    "image_manager_video": [],
                    "include": [],
                    "instant": [],
                    "instant_config": [],
                    "large_file_optimization": [],
                    "large_file_optimization_advanced": [],
                    "limit_bit_rate": [],
                    "log_custom": [],
                    "m_pulse": [],
                    "manifest_personalization": [],
                    "manifest_rerouting": [],
                    "manual_server_push": [],
                    "media_acceleration": [],
                    "media_acceleration_quic_optout": [],
                    "media_client": [],
                    "media_file_retrieval_optimization": [],
                    "media_origin_failover": [],
                    "metadata_caching": [],
                    "mobile_sdk_performance": [],
                    "modify_incoming_request_header": [],
                    "modify_incoming_response_header": [],
                    "modify_outgoing_request_header": [],
                    "modify_outgoing_response_header": [],
                    "modify_via_header": [],
                    "origin": [
                      {
                        "cache_key_hostname": "",
                        "compress": false,
                        "custom_certificate_authorities": [],
                        "custom_certificates": [],
                        "custom_forward_host_header": "",
                        "custom_valid_cn_values": [],
                        "enable_true_client_ip": false,
                        "forward_host_header": "",
                        "hostname": "",
                        "http_port": 0,
                        "https_port": 0,
                        "ip_version": "",
                        "locked": false,
                        "max_tls_version": "",
                        "min_tls_version": "",
                        "mslorigin": "",
                        "net_storage": [
                          {
                            "cp_code": 320422,
                            "download_domain_name": "atf.download.akamai.com",
                            "g2o_token": ""
                          }
                        ],
                        "origin_certificate": "",
                        "origin_certs_to_honor": "",
                        "origin_id": "",
                        "origin_sni": false,
                        "origin_type": "NET_STORAGE",
                        "ports": "",
                        "saas_cname_enabled": false,
                        "saas_cname_level": 0,
                        "saas_cookie": "",
                        "saas_query_string": "",
                        "saas_regex": "",
                        "saas_replace": "",
                        "saas_suffix": "",
                        "saas_type": "",
                        "second_hostname": "",
                        "second_hostname_enabled": false,
                        "standard_certificate_authorities": [],
                        "template_uuid": "",
                        "tls13_support": false,
                        "tls_version_title": "",
                        "true_client_ip_client_setting": false,
                        "true_client_ip_header": "",
                        "use_unique_cache_key": false,
                        "uuid": "",
                        "verification_mode": ""
                      }
                    ],
                    "origin_characteristics": [],
                    "origin_characteristics_wsd": [],
                    "origin_failure_recovery_method": [],
                    "origin_failure_recovery_policy": [],
                    "origin_ip_acl": [],
                    "permissions_policy": [],
                    "persistent_client_connection": [],
                    "persistent_connection": [],
                    "personally_identifiable_information": [],
                    "phased_release": [],
                    "preconnect": [],
                    "predictive_content_delivery": [],
                    "predictive_prefetching": [],
                    "prefetch": [],
                    "prefetchable": [],
                    "prefresh_cache": [],
                    "quality": [],
                    "quic_beta": [],
                    "random_seek": [],
                    "rapid": [],
                    "read_timeout": [],
                    "real_time_reporting": [],
                    "real_user_monitoring": [],
                    "redirect": [],
                    "redirectplus": [],
                    "referer_checking": [],
                    "remove_query_parameter": [],
                    "remove_vary": [],
                    "report": [],
                    "request_client_hints": [],
                    "request_control": [],
                    "request_type_marker": [],
                    "resource_optimizer": [],
                    "resource_optimizer_extended_compatibility": [],
                    "response_code": [],
                    "response_cookie": [],
                    "restrict_object_caching": [],
                    "return_cache_status": [],
                    "rewrite_url": [],
                    "rum_custom": [],
                    "saas_definitions": [],
                    "sales_force_commerce_cloud_client": [],
                    "sales_force_commerce_cloud_provider": [],
                    "sales_force_commerce_cloud_provider_host_header": [],
                    "save_post_dca_processing": [],
                    "schedule_invalidation": [],
                    "script_management": [],
                    "segmented_content_protection": [],
                    "segmented_media_optimization": [],
                    "segmented_media_streaming_prefetch": [],
                    "set_variable": [],
                    "simulate_error_code": [],
                    "site_shield": [],
                    "standard_tls_migration": [],
                    "standard_tls_migration_override": [],
                    "strict_header_parsing": [],
                    "sub_customer": [],
                    "sure_route": [],
                    "tcp_optimization": [],
                    "tea_leaf": [],
                    "tiered_distribution": [],
                    "tiered_distribution_advanced": [],
                    "tiered_distribution_customization": [],
                    "timeout": [],
                    "uid_configuration": [],
                    "validate_entity_tag": [],
                    "verify_json_web_token": [],
                    "verify_json_web_token_for_dcp": [],
                    "verify_token_authorization": [],
                    "virtual_waiting_room": [],
                    "virtual_waiting_room_with_edge_workers": [],
                    "visitor_prioritization": [],
                    "visitor_prioritization_fifo": [],
                    "visitor_prioritization_fifo_standalone": [],
                    "watermarking": [],
                    "web_application_firewall": [],
                    "web_sockets": [],
                    "webdav": []
                  },
                  {
                    "ad_scaler_circuit_breaker": [],
                    "adaptive_acceleration": [],
                    "adaptive_image_compression": [],
                    "advanced": [],
                    "aggregated_reporting": [],
                    "akamaizer": [],
                    "akamaizer_tag": [],
                    "all_http_in_cache_hierarchy": [],
                    "allow_cloudlets_origins": [],
                    "allow_delete": [],
                    "allow_https_cache_key_sharing": [],
                    "allow_https_downgrade": [],
                    "allow_options": [],
                    "allow_patch": [],
                    "allow_post": [],
                    "allow_put": [],
                    "allow_transfer_encoding": [],
                    "alt_svc_header": [],
                    "api_prioritization": [],
                    "application_load_balancer": [],
                    "audience_segmentation": [],
                    "auto_domain_validation": [],
                    "base_directory": [],
                    "boss_beaconing": [],
                    "breadcrumbs": [],
                    "break_connection": [],
                    "brotli": [],
                    "cache_error": [],
                    "cache_id": [],
                    "cache_key_ignore_case": [],
                    "cache_key_query_params": [],
                    "cache_key_rewrite": [],
                    "cache_post": [],
                    "cache_redirect": [],
                    "cache_tag": [],
                    "cache_tag_visible": [],
                    "caching": [
                      {
                        "behavior": "MAX_AGE",
                        "cache_control_directives": "",
                        "cacheability_settings": "",
                        "default_ttl": "",
                        "enhanced_rfc_support": false,
                        "expiration_settings": "",
                        "honor_max_age": false,
                        "honor_must_revalidate": false,
                        "honor_no_cache": false,
                        "honor_no_store": false,
                        "honor_private": false,
                        "honor_proxy_revalidate": false,
                        "honor_s_maxage": false,
                        "locked": false,
                        "must_revalidate": false,
                        "revalidation_settings": "",
                        "template_uuid": "",
                        "ttl": "10m",
                        "uuid": ""
                      }
                    ],
                    "central_authorization": [],
                    "chase_redirects": [],
                    "client_certificate_auth": [],
                    "client_characteristics": [],
                    "cloud_interconnects": [],
                    "cloud_wrapper": [],
                    "cloud_wrapper_advanced": [],
                    "common_media_client_data": [],
                    "conditional_origin": [],
                    "construct_response": [],
                    "content_characteristics": [],
                    "content_characteristics_amd": [],
                    "content_characteristics_dd": [],
                    "content_characteristics_wsd_large_file": [],
                    "content_characteristics_wsd_live": [],
                    "content_characteristics_wsd_vod": [],
                    "content_pre_position": [],
                    "content_targeting_protection": [],
                    "cors_support": [],
                    "cp_code": [],
                    "custom_behavior": [],
                    "datastream": [],
                    "dcp": [],
                    "dcp_auth_hmac_transformation": [],
                    "dcp_auth_regex_transformation": [],
                    "dcp_auth_substring_transformation": [],
                    "dcp_auth_variable_extractor": [],
                    "dcp_default_authz_groups": [],
                    "dcp_dev_relations": [],
                    "dcp_real_time_auth": [],
                    "delivery_receipt": [],
                    "deny_access": [],
                    "deny_direct_failover_access": [],
                    "device_characteristic_cache_id": [],
                    "device_characteristic_header": [],
                    "dns_async_refresh": [],
                    "dns_prefresh": [],
                    "downgrade_protocol": [],
                    "download_complete_marker": [],
                    "download_notification": [],
                    "downstream_cache": [],
                    "dynamic_throughtput_optimization": [],
                    "dynamic_throughtput_optimization_override": [],
                    "dynamic_web_content": [],
                    "ecms_bulk_upload": [],
                    "ecms_database": [],
                    "ecms_dataset": [],
                    "ecms_object_key": [],
                    "edge_connect": [],
                    "edge_load_balancing_advanced": [],
                    "edge_load_balancing_data_center": [],
                    "edge_load_balancing_origin": [],
                    "edge_origin_authorization": [],
                    "edge_redirector": [],
                    "edge_scape": [],
                    "edge_side_includes": [],
                    "edge_worker": [],
                    "enforce_mtls_settings": [],
                    "enhanced_akamai_protocol": [],
                    "enhanced_proxy_detection": [],
                    "epd_forward_header_enrichment": [],
                    "fail_action": [],
                    "failover_bot_manager_feature_compatibility": [],
                    "fast_invalidate": [],
                    "fips": [],
                    "first_party_marketing": [],
                    "first_party_marketing_plus": [],
                    "forward_rewrite": [],
                    "g2oheader": [],
                    "global_request_number": [],
                    "graphql_caching": [],
                    "gzip_response": [],
                    "hd_data_advanced": [],
                    "health_detection": [],
                    "hsaf_eip_binding": [],
                    "http2": [],
                    "http3": [],
                    "http_strict_transport_security": [],
                    "http_to_https_upgrade": [],
                    "im_override": [],
                    "image_and_video_manager": [],
                    "image_manager": [],
                    "image_manager_video": [],
                    "include": [],
                    "instant": [],
                    "instant_config": [],
                    "large_file_optimization": [],
                    "large_file_optimization_advanced": [],
                    "limit_bit_rate": [],
                    "log_custom": [],
                    "m_pulse": [],
                    "manifest_personalization": [],
                    "manifest_rerouting": [],
                    "manual_server_push": [],
                    "media_acceleration": [],
                    "media_acceleration_quic_optout": [],
                    "media_client": [],
                    "media_file_retrieval_optimization": [],
                    "media_origin_failover": [],
                    "metadata_caching": [],
                    "mobile_sdk_performance": [],
                    "modify_incoming_request_header": [],
                    "modify_incoming_response_header": [],
                    "modify_outgoing_request_header": [],
                    "modify_outgoing_response_header": [],
                    "modify_via_header": [],
                    "origin": [],
                    "origin_characteristics": [],
                    "origin_characteristics_wsd": [],
                    "origin_failure_recovery_method": [],
                    "origin_failure_recovery_policy": [],
                    "origin_ip_acl": [],
                    "permissions_policy": [],
                    "persistent_client_connection": [],
                    "persistent_connection": [],
                    "personally_identifiable_information": [],
                    "phased_release": [],
                    "preconnect": [],
                    "predictive_content_delivery": [],
                    "predictive_prefetching": [],
                    "prefetch": [],
                    "prefetchable": [],
                    "prefresh_cache": [],
                    "quality": [],
                    "quic_beta": [],
                    "random_seek": [],
                    "rapid": [],
                    "read_timeout": [],
                    "real_time_reporting": [],
                    "real_user_monitoring": [],
                    "redirect": [],
                    "redirectplus": [],
                    "referer_checking": [],
                    "remove_query_parameter": [],
                    "remove_vary": [],
                    "report": [],
                    "request_client_hints": [],
                    "request_control": [],
                    "request_type_marker": [],
                    "resource_optimizer": [],
                    "resource_optimizer_extended_compatibility": [],
                    "response_code": [],
                    "response_cookie": [],
                    "restrict_object_caching": [],
                    "return_cache_status": [],
                    "rewrite_url": [],
                    "rum_custom": [],
                    "saas_definitions": [],
                    "sales_force_commerce_cloud_client": [],
                    "sales_force_commerce_cloud_provider": [],
                    "sales_force_commerce_cloud_provider_host_header": [],
                    "save_post_dca_processing": [],
                    "schedule_invalidation": [],
                    "script_management": [],
                    "segmented_content_protection": [],
                    "segmented_media_optimization": [],
                    "segmented_media_streaming_prefetch": [],
                    "set_variable": [],
                    "simulate_error_code": [],
                    "site_shield": [],
                    "standard_tls_migration": [],
                    "standard_tls_migration_override": [],
                    "strict_header_parsing": [],
                    "sub_customer": [],
                    "sure_route": [],
                    "tcp_optimization": [],
                    "tea_leaf": [],
                    "tiered_distribution": [],
                    "tiered_distribution_advanced": [],
                    "tiered_distribution_customization": [],
                    "timeout": [],
                    "uid_configuration": [],
                    "validate_entity_tag": [],
                    "verify_json_web_token": [],
                    "verify_json_web_token_for_dcp": [],
                    "verify_token_authorization": [],
                    "virtual_waiting_room": [],
                    "virtual_waiting_room_with_edge_workers": [],
                    "visitor_prioritization": [],
                    "visitor_prioritization_fifo": [],
                    "visitor_prioritization_fifo_standalone": [],
                    "watermarking": [],
                    "web_application_firewall": [],
                    "web_sockets": [],
                    "webdav": []
                  },
                  {
                    "ad_scaler_circuit_breaker": [],
                    "adaptive_acceleration": [],
                    "adaptive_image_compression": [],
                    "advanced": [],
                    "aggregated_reporting": [],
                    "akamaizer": [],
                    "akamaizer_tag": [],
                    "all_http_in_cache_hierarchy": [],
                    "allow_cloudlets_origins": [],
                    "allow_delete": [],
                    "allow_https_cache_key_sharing": [],
                    "allow_https_downgrade": [],
                    "allow_options": [],
                    "allow_patch": [],
                    "allow_post": [],
                    "allow_put": [],
                    "allow_transfer_encoding": [],
                    "alt_svc_header": [],
                    "api_prioritization": [],
                    "application_load_balancer": [],
                    "audience_segmentation": [],
                    "auto_domain_validation": [],
                    "base_directory": [],
                    "boss_beaconing": [],
                    "breadcrumbs": [],
                    "break_connection": [],
                    "brotli": [],
                    "cache_error": [],
                    "cache_id": [],
                    "cache_key_ignore_case": [],
                    "cache_key_query_params": [],
                    "cache_key_rewrite": [],
                    "cache_post": [],
                    "cache_redirect": [],
                    "cache_tag": [],
                    "cache_tag_visible": [],
                    "caching": [],
                    "central_authorization": [],
                    "chase_redirects": [],
                    "client_certificate_auth": [],
                    "client_characteristics": [],
                    "cloud_interconnects": [],
                    "cloud_wrapper": [],
                    "cloud_wrapper_advanced": [],
                    "common_media_client_data": [],
                    "conditional_origin": [],
                    "construct_response": [],
                    "content_characteristics": [],
                    "content_characteristics_amd": [],
                    "content_characteristics_dd": [],
                    "content_characteristics_wsd_large_file": [],
                    "content_characteristics_wsd_live": [],
                    "content_characteristics_wsd_vod": [],
                    "content_pre_position": [],
                    "content_targeting_protection": [],
                    "cors_support": [],
                    "cp_code": [],
                    "custom_behavior": [],
                    "datastream": [],
                    "dcp": [],
                    "dcp_auth_hmac_transformation": [],
                    "dcp_auth_regex_transformation": [],
                    "dcp_auth_substring_transformation": [],
                    "dcp_auth_variable_extractor": [],
                    "dcp_default_authz_groups": [],
                    "dcp_dev_relations": [],
                    "dcp_real_time_auth": [],
                    "delivery_receipt": [],
                    "deny_access": [],
                    "deny_direct_failover_access": [],
                    "device_characteristic_cache_id": [],
                    "device_characteristic_header": [],
                    "dns_async_refresh": [],
                    "dns_prefresh": [],
                    "downgrade_protocol": [],
                    "download_complete_marker": [],
                    "download_notification": [],
                    "downstream_cache": [],
                    "dynamic_throughtput_optimization": [],
                    "dynamic_throughtput_optimization_override": [],
                    "dynamic_web_content": [],
                    "ecms_bulk_upload": [],
                    "ecms_database": [],
                    "ecms_dataset": [],
                    "ecms_object_key": [],
                    "edge_connect": [],
                    "edge_load_balancing_advanced": [],
                    "edge_load_balancing_data_center": [],
                    "edge_load_balancing_origin": [],
                    "edge_origin_authorization": [],
                    "edge_redirector": [],
                    "edge_scape": [],
                    "edge_side_includes": [],
                    "edge_worker": [],
                    "enforce_mtls_settings": [],
                    "enhanced_akamai_protocol": [],
                    "enhanced_proxy_detection": [],
                    "epd_forward_header_enrichment": [],
                    "fail_action": [],
                    "failover_bot_manager_feature_compatibility": [],
                    "fast_invalidate": [],
                    "fips": [],
                    "first_party_marketing": [],
                    "first_party_marketing_plus": [],
                    "forward_rewrite": [],
                    "g2oheader": [],
                    "global_request_number": [],
                    "graphql_caching": [],
                    "gzip_response": [],
                    "hd_data_advanced": [],
                    "health_detection": [],
                    "hsaf_eip_binding": [],
                    "http2": [],
                    "http3": [],
                    "http_strict_transport_security": [],
                    "http_to_https_upgrade": [],
                    "im_override": [],
                    "image_and_video_manager": [],
                    "image_manager": [],
                    "image_manager_video": [],
                    "include": [],
                    "instant": [],
                    "instant_config": [],
                    "large_file_optimization": [],
                    "large_file_optimization_advanced": [],
                    "limit_bit_rate": [],
                    "log_custom": [],
                    "m_pulse": [],
                    "manifest_personalization": [],
                    "manifest_rerouting": [],
                    "manual_server_push": [],
                    "media_acceleration": [],
                    "media_acceleration_quic_optout": [],
                    "media_client": [],
                    "media_file_retrieval_optimization": [],
                    "media_origin_failover": [],
                    "metadata_caching": [],
                    "mobile_sdk_performance": [],
                    "modify_incoming_request_header": [],
                    "modify_incoming_response_header": [],
                    "modify_outgoing_request_header": [],
                    "modify_outgoing_response_header": [],
                    "modify_via_header": [],
                    "origin": [],
                    "origin_characteristics": [],
                    "origin_characteristics_wsd": [],
                    "origin_failure_recovery_method": [],
                    "origin_failure_recovery_policy": [],
                    "origin_ip_acl": [],
                    "permissions_policy": [],
                    "persistent_client_connection": [],
                    "persistent_connection": [],
                    "personally_identifiable_information": [],
                    "phased_release": [],
                    "preconnect": [],
                    "predictive_content_delivery": [],
                    "predictive_prefetching": [],
                    "prefetch": [],
                    "prefetchable": [],
                    "prefresh_cache": [],
                    "quality": [],
                    "quic_beta": [],
                    "random_seek": [],
                    "rapid": [],
                    "read_timeout": [],
                    "real_time_reporting": [],
                    "real_user_monitoring": [],
                    "redirect": [],
                    "redirectplus": [],
                    "referer_checking": [],
                    "remove_query_parameter": [],
                    "remove_vary": [],
                    "report": [],
                    "request_client_hints": [],
                    "request_control": [],
                    "request_type_marker": [],
                    "resource_optimizer": [],
                    "resource_optimizer_extended_compatibility": [],
                    "response_code": [],
                    "response_cookie": [],
                    "restrict_object_caching": [],
                    "return_cache_status": [],
                    "rewrite_url": [
                      {
                        "behavior": "REPLACE",
                        "keep_query_string": true,
                        "locked": false,
                        "match": "/sandbox/",
                        "match_multiple": false,
                        "match_regex": "",
                        "target_path": "/sfztest1/Archive/",
                        "target_path_prepend": "",
                        "target_regex": "",
                        "target_url": "",
                        "template_uuid": "",
                        "uuid": ""
                      }
                    ],
                    "rum_custom": [],
                    "saas_definitions": [],
                    "sales_force_commerce_cloud_client": [],
                    "sales_force_commerce_cloud_provider": [],
                    "sales_force_commerce_cloud_provider_host_header": [],
                    "save_post_dca_processing": [],
                    "schedule_invalidation": [],
                    "script_management": [],
                    "segmented_content_protection": [],
                    "segmented_media_optimization": [],
                    "segmented_media_streaming_prefetch": [],
                    "set_variable": [],
                    "simulate_error_code": [],
                    "site_shield": [],
                    "standard_tls_migration": [],
                    "standard_tls_migration_override": [],
                    "strict_header_parsing": [],
                    "sub_customer": [],
                    "sure_route": [],
                    "tcp_optimization": [],
                    "tea_leaf": [],
                    "tiered_distribution": [],
                    "tiered_distribution_advanced": [],
                    "tiered_distribution_customization": [],
                    "timeout": [],
                    "uid_configuration": [],
                    "validate_entity_tag": [],
                    "verify_json_web_token": [],
                    "verify_json_web_token_for_dcp": [],
                    "verify_token_authorization": [],
                    "virtual_waiting_room": [],
                    "virtual_waiting_room_with_edge_workers": [],
                    "visitor_prioritization": [],
                    "visitor_prioritization_fifo": [],
                    "visitor_prioritization_fifo_standalone": [],
                    "watermarking": [],
                    "web_application_firewall": [],
                    "web_sockets": [],
                    "webdav": []
                  }
                ],
                "children": [],
                "comments": "",
                "criteria_locked": false,
                "criteria_must_satisfy": "all",
                "criterion": [
                  {
                    "advanced_im_match": [],
                    "bucket": [],
                    "cacheability": [],
                    "china_cdn_region": [],
                    "client_certificate": [],
                    "client_ip": [],
                    "client_ip_version": [],
                    "cloudlets_origin": [],
                    "content_delivery_network": [],
                    "content_type": [],
                    "device_characteristic": [],
                    "ecmd_auth_groups": [],
                    "ecmd_auth_scheme": [],
                    "ecmd_is_authenticated": [],
                    "ecmd_username": [],
                    "edge_workers_failure": [],
                    "file_extension": [],
                    "filename": [],
                    "hostname": [],
                    "match_advanced": [],
                    "match_cp_code": [],
                    "match_response_code": [],
                    "match_variable": [],
                    "metadata_stage": [],
                    "origin_timeout": [],
                    "path": [
                      {
                        "locked": false,
                        "match_case_sensitive": false,
                        "match_operator": "MATCHES_ONE_OF",
                        "normalize": false,
                        "template_uuid": "",
                        "uuid": "",
                        "values": [
                          "/sandbox/*"
                        ]
                      }
                    ],
                    "query_string_parameter": [],
                    "random": [],
                    "recovery_config": [],
                    "regular_expression": [],
                    "request_cookie": [],
                    "request_header": [],
                    "request_method": [],
                    "request_protocol": [],
                    "request_type": [],
                    "response_header": [],
                    "server_location": [],
                    "time": [],
                    "token_authorization": [],
                    "user_agent": [],
                    "user_location": [],
                    "user_network": [],
                    "variable_error": [],
                    "virtual_waiting_room_request": [],
                    "visitor_prioritization_request": []
                  }
                ],
                "custom_override": [],
                "is_secure": false,
                "name": "/content/*",
                "template_link": "",
                "template_uuid": "",
                "uuid": "",
                "variable": []
              }
            ],
            "rules_v2024_02_12": null,
            "rules_v2024_05_31": null,
            "rules_v2024_08_13": null,
            "rules_v2024_10_21": null,
            "rules_v2025_01_13": null,
            "rules_v2025_02_18": null,
            "rules_v2025_03_24": null,
            "rules_v2025_04_29": null,
            "rules_v2025_05_30": null,
            "rules_v2025_07_07": null,
            "rules_v2025_09_09": null,
            "rules_v2025_10_16": null
          },
          "sensitive_attributes": [],
          "identity_schema_version": 0
        }
      ]
    },
    {
      "mode": "data",
      "type": "akamai_property_rules_builder",
      "name": "property_name_rule_200_ok",
      "provider": "provider[\"registry.terraform.io/akamai/akamai\"]",
      "instances": [
        {
          "schema_version": 0,
          "attributes": {
            "id": "97242e0db6b1b49c5bdf61ef7962c7da",
            "json": "{\n  \"_ruleFormat_\": \"rules_v2024_01_09\",\n  \"rules\": {\n    \"behaviors\": [\n      {\n        \"name\": \"advanced\",\n        \"options\": {\n          \"description\": \"Caching for 200 OK\",\n          \"xml\": \"\\u003cmatch:response.status value=\\\"200\\\" result=\\\"true\\\"\\u003e\\n    \\u003cedgeservices:modify-incoming-response.add-header\\u003e\\n        \\u003cstatus\\u003eon\\u003c/status\\u003e\\n        \\u003cname\\u003ecache-control\\u003c/name\\u003e\\n        \\u003cvalue\\u003emax-age=31536000\\u003c/value\\u003e\\n    \\u003c/edgeservices:modify-incoming-response.add-header\\u003e\\n\\u003c/match:response.status\\u003e\"\n        },\n        \"uuid\": \"2d0529c3-8d2b-4bf4-a5ef-abb3bba45f1a\"\n      }\n    ],\n    \"name\": \"200OK\",\n    \"options\": {},\n    \"uuid\": \"4b4fd63b-753d-42ab-a0fa-58698ab1a321\",\n    \"criteriaMustSatisfy\": \"all\"\n  }\n}",
            "rule_format": "v2024-01-09",
            "rules_v2023_01_05": null,
            "rules_v2023_05_30": null,
            "rules_v2023_09_20": null,
            "rules_v2023_10_30": null,
            "rules_v2024_01_09": [
              {
                "advanced_override": "",
                "behavior": [
                  {
                    "ad_scaler_circuit_breaker": [],
                    "adaptive_acceleration": [],
                    "adaptive_image_compression": [],
                    "advanced": [
                      {
                        "description": "Caching for 200 OK",
                        "locked": false,
                        "template_uuid": "",
                        "uuid": "2d0529c3-8d2b-4bf4-a5ef-abb3bba45f1a",
                        "xml": "\u003cmatch:response.status value=\"200\" result=\"true\"\u003e\n    \u003cedgeservices:modify-incoming-response.add-header\u003e\n        \u003cstatus\u003eon\u003c/status\u003e\n        \u003cname\u003ecache-control\u003c/name\u003e\n        \u003cvalue\u003emax-age=31536000\u003c/value\u003e\n    \u003c/edgeservices:modify-incoming-response.add-header\u003e\n\u003c/match:response.status\u003e"
                      }
                    ],
                    "aggregated_reporting": [],
                    "akamaizer": [],
                    "akamaizer_tag": [],
                    "all_http_in_cache_hierarchy": [],
                    "allow_cloudlets_origins": [],
                    "allow_delete": [],
                    "allow_https_cache_key_sharing": [],
                    "allow_https_downgrade": [],
                    "allow_options": [],
                    "allow_patch": [],
                    "allow_post": [],
                    "allow_put": [],
                    "allow_transfer_encoding": [],
                    "alt_svc_header": [],
                    "api_prioritization": [],
                    "application_load_balancer": [],
                    "audience_segmentation": [],
                    "auto_domain_validation": [],
                    "base_directory": [],
                    "boss_beaconing": [],
                    "breadcrumbs": [],
                    "break_connection": [],
                    "brotli": [],
                    "cache_error": [],
                    "cache_id": [],
                    "cache_key_ignore_case": [],
                    "cache_key_query_params": [],
                    "cache_key_rewrite": [],
                    "cache_post": [],
                    "cache_redirect": [],
                    "cache_tag": [],
                    "cache_tag_visible": [],
                    "caching": [],
                    "central_authorization": [],
                    "chase_redirects": [],
                    "client_certificate_auth": [],
                    "client_characteristics": [],
                    "cloud_interconnects": [],
                    "cloud_wrapper": [],
                    "cloud_wrapper_advanced": [],
                    "common_media_client_data": [],
                    "conditional_origin": [],
                    "construct_response": [],
                    "content_characteristics": [],
                    "content_characteristics_amd": [],
                    "content_characteristics_dd": [],
                    "content_characteristics_wsd_large_file": [],
                    "content_characteristics_wsd_live": [],
                    "content_characteristics_wsd_vod": [],
                    "content_pre_position": [],
                    "content_targeting_protection": [],
                    "cors_support": [],
                    "cp_code": [],
                    "custom_behavior": [],
                    "datastream": [],
                    "dcp": [],
                    "dcp_auth_hmac_transformation": [],
                    "dcp_auth_regex_transformation": [],
                    "dcp_auth_substring_transformation": [],
                    "dcp_auth_variable_extractor": [],
                    "dcp_default_authz_groups": [],
                    "dcp_dev_relations": [],
                    "dcp_real_time_auth": [],
                    "delivery_receipt": [],
                    "deny_access": [],
                    "deny_direct_failover_access": [],
                    "device_characteristic_cache_id": [],
                    "device_characteristic_header": [],
                    "dns_async_refresh": [],
                    "dns_prefresh": [],
                    "downgrade_protocol": [],
                    "download_complete_marker": [],
                    "download_notification": [],
                    "downstream_cache": [],
                    "dynamic_throughtput_optimization": [],
                    "dynamic_throughtput_optimization_override": [],
                    "dynamic_web_content": [],
                    "ecms_bulk_upload": [],
                    "ecms_database": [],
                    "ecms_dataset": [],
                    "ecms_object_key": [],
                    "edge_connect": [],
                    "edge_load_balancing_advanced": [],
                    "edge_load_balancing_data_center": [],
                    "edge_load_balancing_origin": [],
                    "edge_origin_authorization": [],
                    "edge_redirector": [],
                    "edge_scape": [],
                    "edge_side_includes": [],
                    "edge_worker": [],
                    "enforce_mtls_settings": [],
                    "enhanced_akamai_protocol": [],
                    "enhanced_proxy_detection": [],
                    "epd_forward_header_enrichment": [],
                    "fail_action": [],
                    "failover_bot_manager_feature_compatibility": [],
                    "fast_invalidate": [],
                    "fips": [],
                    "first_party_marketing": [],
                    "first_party_marketing_plus": [],
                    "forward_rewrite": [],
                    "g2oheader": [],
                    "global_request_number": [],
                    "graphql_caching": [],
                    "gzip_response": [],
                    "hd_data_advanced": [],
                    "health_detection": [],
                    "hsaf_eip_binding": [],
                    "http2": [],
                    "http3": [],
                    "http_strict_transport_security": [],
                    "http_to_https_upgrade": [],
                    "im_override": [],
                    "image_and_video_manager": [],
                    "image_manager": [],
                    "image_manager_video": [],
                    "include": [],
                    "instant": [],
                    "instant_config": [],
                    "large_file_optimization": [],
                    "large_file_optimization_advanced": [],
                    "limit_bit_rate": [],
                    "log_custom": [],
                    "m_pulse": [],
                    "manifest_personalization": [],
                    "manifest_rerouting": [],
                    "manual_server_push": [],
                    "media_acceleration": [],
                    "media_acceleration_quic_optout": [],
                    "media_client": [],
                    "media_file_retrieval_optimization": [],
                    "media_origin_failover": [],
                    "metadata_caching": [],
                    "mobile_sdk_performance": [],
                    "modify_incoming_request_header": [],
                    "modify_incoming_response_header": [],
                    "modify_outgoing_request_header": [],
                    "modify_outgoing_response_header": [],
                    "modify_via_header": [],
                    "origin": [],
                    "origin_characteristics": [],
                    "origin_characteristics_wsd": [],
                    "origin_failure_recovery_method": [],
                    "origin_failure_recovery_policy": [],
                    "origin_ip_acl": [],
                    "permissions_policy": [],
                    "persistent_client_connection": [],
                    "persistent_connection": [],
                    "personally_identifiable_information": [],
                    "phased_release": [],
                    "preconnect": [],
                    "predictive_content_delivery": [],
                    "predictive_prefetching": [],
                    "prefetch": [],
                    "prefetchable": [],
                    "prefresh_cache": [],
                    "quality": [],
                    "quic_beta": [],
                    "random_seek": [],
                    "rapid": [],
                    "read_timeout": [],
                    "real_time_reporting": [],
                    "real_user_monitoring": [],
                    "redirect": [],
                    "redirectplus": [],
                    "referer_checking": [],
                    "remove_query_parameter": [],
                    "remove_vary": [],
                    "report": [],
                    "request_client_hints": [],
                    "request_control": [],
                    "request_type_marker": [],
                    "resource_optimizer": [],
                    "resource_optimizer_extended_compatibility": [],
                    "response_code": [],
                    "response_cookie": [],
                    "restrict_object_caching": [],
                    "return_cache_status": [],
                    "rewrite_url": [],
                    "rum_custom": [],
                    "saas_definitions": [],
                    "sales_force_commerce_cloud_client": [],
                    "sales_force_commerce_cloud_provider": [],
                    "sales_force_commerce_cloud_provider_host_header": [],
                    "save_post_dca_processing": [],
                    "schedule_invalidation": [],
                    "script_management": [],
                    "segmented_content_protection": [],
                    "segmented_media_optimization": [],
                    "segmented_media_streaming_prefetch": [],
                    "set_variable": [],
                    "simulate_error_code": [],
                    "site_shield": [],
                    "standard_tls_migration": [],
                    "standard_tls_migration_override": [],
                    "strict_header_parsing": [],
                    "sub_customer": [],
                    "sure_route": [],
                    "tcp_optimization": [],
                    "tea_leaf": [],
                    "tiered_distribution": [],
                    "tiered_distribution_advanced": [],
                    "tiered_distribution_customization": [],
                    "timeout": [],
                    "uid_configuration": [],
                    "validate_entity_tag": [],
                    "verify_json_web_token": [],
                    "verify_json_web_token_for_dcp": [],
                    "verify_token_authorization": [],
                    "virtual_waiting_room": [],
                    "virtual_waiting_room_with_edge_workers": [],
                    "visitor_prioritization": [],
                    "visitor_prioritization_fifo": [],
                    "visitor_prioritization_fifo_standalone": [],
                    "watermarking": [],
                    "web_application_firewall": [],
                    "web_sockets": [],
                    "webdav": []
                  }
                ],
                "children": [],
                "comments": "",
                "criteria_locked": false,
                "criteria_must_satisfy": "all",
                "criterion": [],
                "custom_override": [],
                "is_secure": false,
                "name": "200OK",
                "template_link": "",
                "template_uuid": "",
                "uuid": "4b4fd63b-753d-42ab-a0fa-58698ab1a321",
                "variable": []
              }
            ],
            "rules_v2024_02_12": null,
            "rules_v2024_05_31": null,
            "rules_v2024_08_13": null,
            "rules_v2024_10_21": null,
            "rules_v2025_01_13": null,
            "rules_v2025_02_18": null,
            "rules_v2025_03_24": null,
            "rules_v2025_04_29": null,
            "rules_v2025_05_30": null,
            "rules_v2025_07_07": null,
            "rules_v2025_09_09": null,
            "rules_v2025_10_16": null
          },
          "sensitive_attributes": [],
          "identity_schema_version": 0
        }
      ]
    },
    {
      "mode": "data",
      "type": "akamai_property_rules_builder",
      "name": "property_name_rule_break_connection",
      "provider": "provider[\"registry.terraform.io/akamai/akamai\"]",
      "instances": [
        {
          "schema_version": 0,
          "attributes": {
            "id": "57ef36260425119134dd2ef47db61dca",
            "json": "{\n  \"_ruleFormat_\": \"rules_v2024_01_09\",\n  \"rules\": {\n    \"behaviors\": [\n      {\n        \"name\": \"simulateErrorCode\",\n        \"options\": {\n          \"errorType\": \"ERR_CONNECT_FAIL\"\n        }\n      }\n    ],\n    \"criteria\": [\n      {\n        \"name\": \"requestHeader\",\n        \"options\": {\n          \"headerName\": \"breakconnection\",\n          \"matchCaseSensitiveValue\": true,\n          \"matchOperator\": \"IS_ONE_OF\",\n          \"matchWildcardName\": false,\n          \"matchWildcardValue\": false,\n          \"values\": [\n            \"true\"\n          ]\n        }\n      }\n    ],\n    \"name\": \"Break connection\",\n    \"options\": {},\n    \"criteriaMustSatisfy\": \"all\"\n  }\n}",
            "rule_format": "v2024-01-09",
            "rules_v2023_01_05": null,
            "rules_v2023_05_30": null,
            "rules_v2023_09_20": null,
            "rules_v2023_10_30": null,
            "rules_v2024_01_09": [
              {
                "advanced_override": "",
                "behavior": [
                  {
                    "ad_scaler_circuit_breaker": [],
                    "adaptive_acceleration": [],
                    "adaptive_image_compression": [],
                    "advanced": [],
                    "aggregated_reporting": [],
                    "akamaizer": [],
                    "akamaizer_tag": [],
                    "all_http_in_cache_hierarchy": [],
                    "allow_cloudlets_origins": [],
                    "allow_delete": [],
                    "allow_https_cache_key_sharing": [],
                    "allow_https_downgrade": [],
                    "allow_options": [],
                    "allow_patch": [],
                    "allow_post": [],
                    "allow_put": [],
                    "allow_transfer_encoding": [],
                    "alt_svc_header": [],
                    "api_prioritization": [],
                    "application_load_balancer": [],
                    "audience_segmentation": [],
                    "auto_domain_validation": [],
                    "base_directory": [],
                    "boss_beaconing": [],
                    "breadcrumbs": [],
                    "break_connection": [],
                    "brotli": [],
                    "cache_error": [],
                    "cache_id": [],
                    "cache_key_ignore_case": [],
                    "cache_key_query_params": [],
                    "cache_key_rewrite": [],
                    "cache_post": [],
                    "cache_redirect": [],
                    "cache_tag": [],
                    "cache_tag_visible": [],
                    "caching": [],
                    "central_authorization": [],
                    "chase_redirects": [],
                    "client_certificate_auth": [],
                    "client_characteristics": [],
                    "cloud_interconnects": [],
                    "cloud_wrapper": [],
                    "cloud_wrapper_advanced": [],
                    "common_media_client_data": [],
                    "conditional_origin": [],
                    "construct_response": [],
                    "content_characteristics": [],
                    "content_characteristics_amd": [],
                    "content_characteristics_dd": [],
                    "content_characteristics_wsd_large_file": [],
                    "content_characteristics_wsd_live": [],
                    "content_characteristics_wsd_vod": [],
                    "content_pre_position": [],
                    "content_targeting_protection": [],
                    "cors_support": [],
                    "cp_code": [],
                    "custom_behavior": [],
                    "datastream": [],
                    "dcp": [],
                    "dcp_auth_hmac_transformation": [],
                    "dcp_auth_regex_transformation": [],
                    "dcp_auth_substring_transformation": [],
                    "dcp_auth_variable_extractor": [],
                    "dcp_default_authz_groups": [],
                    "dcp_dev_relations": [],
                    "dcp_real_time_auth": [],
                    "delivery_receipt": [],
                    "deny_access": [],
                    "deny_direct_failover_access": [],
                    "device_characteristic_cache_id": [],
                    "device_characteristic_header": [],
                    "dns_async_refresh": [],
                    "dns_prefresh": [],
                    "downgrade_protocol": [],
                    "download_complete_marker": [],
                    "download_notification": [],
                    "downstream_cache": [],
                    "dynamic_throughtput_optimization": [],
                    "dynamic_throughtput_optimization_override": [],
                    "dynamic_web_content": [],
                    "ecms_bulk_upload": [],
                    "ecms_database": [],
                    "ecms_dataset": [],
                    "ecms_object_key": [],
                    "edge_connect": [],
                    "edge_load_balancing_advanced": [],
                    "edge_load_balancing_data_center": [],
                    "edge_load_balancing_origin": [],
                    "edge_origin_authorization": [],
                    "edge_redirector": [],
                    "edge_scape": [],
                    "edge_side_includes": [],
                    "edge_worker": [],
                    "enforce_mtls_settings": [],
                    "enhanced_akamai_protocol": [],
                    "enhanced_proxy_detection": [],
                    "epd_forward_header_enrichment": [],
                    "fail_action": [],
                    "failover_bot_manager_feature_compatibility": [],
                    "fast_invalidate": [],
                    "fips": [],
                    "first_party_marketing": [],
                    "first_party_marketing_plus": [],
                    "forward_rewrite": [],
                    "g2oheader": [],
                    "global_request_number": [],
                    "graphql_caching": [],
                    "gzip_response": [],
                    "hd_data_advanced": [],
                    "health_detection": [],
                    "hsaf_eip_binding": [],
                    "http2": [],
                    "http3": [],
                    "http_strict_transport_security": [],
                    "http_to_https_upgrade": [],
                    "im_override": [],
                    "image_and_video_manager": [],
                    "image_manager": [],
                    "image_manager_video": [],
                    "include": [],
                    "instant": [],
                    "instant_config": [],
                    "large_file_optimization": [],
                    "large_file_optimization_advanced": [],
                    "limit_bit_rate": [],
                    "log_custom": [],
                    "m_pulse": [],
                    "manifest_personalization": [],
                    "manifest_rerouting": [],
                    "manual_server_push": [],
                    "media_acceleration": [],
                    "media_acceleration_quic_optout": [],
                    "media_client": [],
                    "media_file_retrieval_optimization": [],
                    "media_origin_failover": [],
                    "metadata_caching": [],
                    "mobile_sdk_performance": [],
                    "modify_incoming_request_header": [],
                    "modify_incoming_response_header": [],
                    "modify_outgoing_request_header": [],
                    "modify_outgoing_response_header": [],
                    "modify_via_header": [],
                    "origin": [],
                    "origin_characteristics": [],
                    "origin_characteristics_wsd": [],
                    "origin_failure_recovery_method": [],
                    "origin_failure_recovery_policy": [],
                    "origin_ip_acl": [],
                    "permissions_policy": [],
                    "persistent_client_connection": [],
                    "persistent_connection": [],
                    "personally_identifiable_information": [],
                    "phased_release": [],
                    "preconnect": [],
                    "predictive_content_delivery": [],
                    "predictive_prefetching": [],
                    "prefetch": [],
                    "prefetchable": [],
                    "prefresh_cache": [],
                    "quality": [],
                    "quic_beta": [],
                    "random_seek": [],
                    "rapid": [],
                    "read_timeout": [],
                    "real_time_reporting": [],
                    "real_user_monitoring": [],
                    "redirect": [],
                    "redirectplus": [],
                    "referer_checking": [],
                    "remove_query_parameter": [],
                    "remove_vary": [],
                    "report": [],
                    "request_client_hints": [],
                    "request_control": [],
                    "request_type_marker": [],
                    "resource_optimizer": [],
                    "resource_optimizer_extended_compatibility": [],
                    "response_code": [],
                    "response_cookie": [],
                    "restrict_object_caching": [],
                    "return_cache_status": [],
                    "rewrite_url": [],
                    "rum_custom": [],
                    "saas_definitions": [],
                    "sales_force_commerce_cloud_client": [],
                    "sales_force_commerce_cloud_provider": [],
                    "sales_force_commerce_cloud_provider_host_header": [],
                    "save_post_dca_processing": [],
                    "schedule_invalidation": [],
                    "script_management": [],
                    "segmented_content_protection": [],
                    "segmented_media_optimization": [],
                    "segmented_media_streaming_prefetch": [],
                    "set_variable": [],
                    "simulate_error_code": [
                      {
                        "error_type": "ERR_CONNECT_FAIL",
                        "locked": false,
                        "template_uuid": "",
                        "timeout": "",
                        "uuid": ""
                      }
                    ],
                    "site_shield": [],
                    "standard_tls_migration": [],
                    "standard_tls_migration_override": [],
                    "strict_header_parsing": [],
                    "sub_customer": [],
                    "sure_route": [],
                    "tcp_optimization": [],
                    "tea_leaf": [],
                    "tiered_distribution": [],
                    "tiered_distribution_advanced": [],
                    "tiered_distribution_customization": [],
                    "timeout": [],
                    "uid_configuration": [],
                    "validate_entity_tag": [],
                    "verify_json_web_token": [],
                    "verify_json_web_token_for_dcp": [],
                    "verify_token_authorization": [],
                    "virtual_waiting_room": [],
                    "virtual_waiting_room_with_edge_workers": [],
                    "visitor_prioritization": [],
                    "visitor_prioritization_fifo": [],
                    "visitor_prioritization_fifo_standalone": [],
                    "watermarking": [],
                    "web_application_firewall": [],
                    "web_sockets": [],
                    "webdav": []
                  }
                ],
                "children": [],
                "comments": "",
                "criteria_locked": false,
                "criteria_must_satisfy": "all",
                "criterion": [
                  {
                    "advanced_im_match": [],
                    "bucket": [],
                    "cacheability": [],
                    "china_cdn_region": [],
                    "client_certificate": [],
                    "client_ip": [],
                    "client_ip_version": [],
                    "cloudlets_origin": [],
                    "content_delivery_network": [],
                    "content_type": [],
                    "device_characteristic": [],
                    "ecmd_auth_groups": [],
                    "ecmd_auth_scheme": [],
                    "ecmd_is_authenticated": [],
                    "ecmd_username": [],
                    "edge_workers_failure": [],
                    "file_extension": [],
                    "filename": [],
                    "hostname": [],
                    "match_advanced": [],
                    "match_cp_code": [],
                    "match_response_code": [],
                    "match_variable": [],
                    "metadata_stage": [],
                    "origin_timeout": [],
                    "path": [],
                    "query_string_parameter": [],
                    "random": [],
                    "recovery_config": [],
                    "regular_expression": [],
                    "request_cookie": [],
                    "request_header": [
                      {
                        "header_name": "breakconnection",
                        "locked": false,
                        "match_case_sensitive_value": true,
                        "match_operator": "IS_ONE_OF",
                        "match_wildcard_name": false,
                        "match_wildcard_value": false,
                        "template_uuid": "",
                        "uuid": "",
                        "values": [
                          "true"
                        ]
                      }
                    ],
                    "request_method": [],
                    "request_protocol": [],
                    "request_type": [],
                    "response_header": [],
                    "server_location": [],
                    "time": [],
                    "token_authorization": [],
                    "user_agent": [],
                    "user_location": [],
                    "user_network": [],
                    "variable_error": [],
                    "virtual_waiting_room_request": [],
                    "visitor_prioritization_request": []
                  }
                ],
                "custom_override": [],
                "is_secure": false,
                "name": "Break connection",
                "template_link": "",
                "template_uuid": "",
                "uuid": "",
                "variable": []
              }
            ],
            "rules_v2024_02_12": null,
            "rules_v2024_05_31": null,
            "rules_v2024_08_13": null,
            "rules_v2024_10_21": null,
            "rules_v2025_01_13": null,
            "rules_v2025_02_18": null,
            "rules_v2025_03_24": null,
            "rules_v2025_04_29": null,
            "rules_v2025_05_30": null,
            "rules_v2025_07_07": null,
            "rules_v2025_09_09": null,
            "rules_v2025_10_16": null
          },
          "sensitive_attributes": [],
          "identity_schema_version": 0
        }
      ]
    },
    {
      "mode": "data",
      "type": "akamai_property_rules_builder",
      "name": "property_name_rule_caching",
      "provider": "provider[\"registry.terraform.io/akamai/akamai\"]",
      "instances": [
        {
          "schema_version": 0,
          "attributes": {
            "id": "1499d98f29a10e1ee755de39cf190ec4",
            "json": "{\n  \"_ruleFormat_\": \"rules_v2024_01_09\",\n  \"rules\": {\n    \"behaviors\": [\n      {\n        \"name\": \"caching\",\n        \"options\": {\n          \"behavior\": \"CACHE_CONTROL\",\n          \"cacheControlDirectives\": \"\",\n          \"defaultTtl\": \"1h\",\n          \"enhancedRfcSupport\": false,\n          \"honorMustRevalidate\": false,\n          \"honorPrivate\": false,\n          \"mustRevalidate\": false\n        }\n      }\n    ],\n    \"children\": [\n      {\n        \"behaviors\": [\n          {\n            \"name\": \"advanced\",\n            \"options\": {\n              \"description\": \"Caching for 200 OK\",\n              \"xml\": \"\\u003cmatch:response.status value=\\\"200\\\" result=\\\"true\\\"\\u003e\\n    \\u003cedgeservices:modify-incoming-response.add-header\\u003e\\n        \\u003cstatus\\u003eon\\u003c/status\\u003e\\n        \\u003cname\\u003ecache-control\\u003c/name\\u003e\\n        \\u003cvalue\\u003emax-age=31536000\\u003c/value\\u003e\\n    \\u003c/edgeservices:modify-incoming-response.add-header\\u003e\\n\\u003c/match:response.status\\u003e\"\n            },\n            \"uuid\": \"2d0529c3-8d2b-4bf4-a5ef-abb3bba45f1a\"\n          }\n        ],\n        \"name\": \"200OK\",\n        \"options\": {},\n        \"uuid\": \"4b4fd63b-753d-42ab-a0fa-58698ab1a321\",\n        \"criteriaMustSatisfy\": \"all\"\n      }\n    ],\n    \"name\": \"Caching\",\n    \"options\": {},\n    \"uuid\": \"e388511d-29ee-435b-981c-00fb34ea1d35\",\n    \"criteriaMustSatisfy\": \"all\"\n  }\n}",
            "rule_format": "v2024-01-09",
            "rules_v2023_01_05": null,
            "rules_v2023_05_30": null,
            "rules_v2023_09_20": null,
            "rules_v2023_10_30": null,
            "rules_v2024_01_09": [
              {
                "advanced_override": "",
                "behavior": [
                  {
                    "ad_scaler_circuit_breaker": [],
                    "adaptive_acceleration": [],
                    "adaptive_image_compression": [],
                    "advanced": [],
                    "aggregated_reporting": [],
                    "akamaizer": [],
                    "akamaizer_tag": [],
                    "all_http_in_cache_hierarchy": [],
                    "allow_cloudlets_origins": [],
                    "allow_delete": [],
                    "allow_https_cache_key_sharing": [],
                    "allow_https_downgrade": [],
                    "allow_options": [],
                    "allow_patch": [],
                    "allow_post": [],
                    "allow_put": [],
                    "allow_transfer_encoding": [],
                    "alt_svc_header": [],
                    "api_prioritization": [],
                    "application_load_balancer": [],
                    "audience_segmentation": [],
                    "auto_domain_validation": [],
                    "base_directory": [],
                    "boss_beaconing": [],
                    "breadcrumbs": [],
                    "break_connection": [],
                    "brotli": [],
                    "cache_error": [],
                    "cache_id": [],
                    "cache_key_ignore_case": [],
                    "cache_key_query_params": [],
                    "cache_key_rewrite": [],
                    "cache_post": [],
                    "cache_redirect": [],
                    "cache_tag": [],
                    "cache_tag_visible": [],
                    "caching": [
                      {
                        "behavior": "CACHE_CONTROL",
                        "cache_control_directives": "",
                        "cacheability_settings": "",
                        "default_ttl": "1h",
                        "enhanced_rfc_support": false,
                        "expiration_settings": "",
                        "honor_max_age": false,
                        "honor_must_revalidate": false,
                        "honor_no_cache": false,
                        "honor_no_store": false,
                        "honor_private": false,
                        "honor_proxy_revalidate": false,
                        "honor_s_maxage": false,
                        "locked": false,
                        "must_revalidate": false,
                        "revalidation_settings": "",
                        "template_uuid": "",
                        "ttl": "",
                        "uuid": ""
                      }
                    ],
                    "central_authorization": [],
                    "chase_redirects": [],
                    "client_certificate_auth": [],
                    "client_characteristics": [],
                    "cloud_interconnects": [],
                    "cloud_wrapper": [],
                    "cloud_wrapper_advanced": [],
                    "common_media_client_data": [],
                    "conditional_origin": [],
                    "construct_response": [],
                    "content_characteristics": [],
                    "content_characteristics_amd": [],
                    "content_characteristics_dd": [],
                    "content_characteristics_wsd_large_file": [],
                    "content_characteristics_wsd_live": [],
                    "content_characteristics_wsd_vod": [],
                    "content_pre_position": [],
                    "content_targeting_protection": [],
                    "cors_support": [],
                    "cp_code": [],
                    "custom_behavior": [],
                    "datastream": [],
                    "dcp": [],
                    "dcp_auth_hmac_transformation": [],
                    "dcp_auth_regex_transformation": [],
                    "dcp_auth_substring_transformation": [],
                    "dcp_auth_variable_extractor": [],
                    "dcp_default_authz_groups": [],
                    "dcp_dev_relations": [],
                    "dcp_real_time_auth": [],
                    "delivery_receipt": [],
                    "deny_access": [],
                    "deny_direct_failover_access": [],
                    "device_characteristic_cache_id": [],
                    "device_characteristic_header": [],
                    "dns_async_refresh": [],
                    "dns_prefresh": [],
                    "downgrade_protocol": [],
                    "download_complete_marker": [],
                    "download_notification": [],
                    "downstream_cache": [],
                    "dynamic_throughtput_optimization": [],
                    "dynamic_throughtput_optimization_override": [],
                    "dynamic_web_content": [],
                    "ecms_bulk_upload": [],
                    "ecms_database": [],
                    "ecms_dataset": [],
                    "ecms_object_key": [],
                    "edge_connect": [],
                    "edge_load_balancing_advanced": [],
                    "edge_load_balancing_data_center": [],
                    "edge_load_balancing_origin": [],
                    "edge_origin_authorization": [],
                    "edge_redirector": [],
                    "edge_scape": [],
                    "edge_side_includes": [],
                    "edge_worker": [],
                    "enforce_mtls_settings": [],
                    "enhanced_akamai_protocol": [],
                    "enhanced_proxy_detection": [],
                    "epd_forward_header_enrichment": [],
                    "fail_action": [],
                    "failover_bot_manager_feature_compatibility": [],
                    "fast_invalidate": [],
                    "fips": [],
                    "first_party_marketing": [],
                    "first_party_marketing_plus": [],
                    "forward_rewrite": [],
                    "g2oheader": [],
                    "global_request_number": [],
                    "graphql_caching": [],
                    "gzip_response": [],
                    "hd_data_advanced": [],
                    "health_detection": [],
                    "hsaf_eip_binding": [],
                    "http2": [],
                    "http3": [],
                    "http_strict_transport_security": [],
                    "http_to_https_upgrade": [],
                    "im_override": [],
                    "image_and_video_manager": [],
                    "image_manager": [],
                    "image_manager_video": [],
                    "include": [],
                    "instant": [],
                    "instant_config": [],
                    "large_file_optimization": [],
                    "large_file_optimization_advanced": [],
                    "limit_bit_rate": [],
                    "log_custom": [],
                    "m_pulse": [],
                    "manifest_personalization": [],
                    "manifest_rerouting": [],
                    "manual_server_push": [],
                    "media_acceleration": [],
                    "media_acceleration_quic_optout": [],
                    "media_client": [],
                    "media_file_retrieval_optimization": [],
                    "media_origin_failover": [],
                    "metadata_caching": [],
                    "mobile_sdk_performance": [],
                    "modify_incoming_request_header": [],
                    "modify_incoming_response_header": [],
                    "modify_outgoing_request_header": [],
                    "modify_outgoing_response_header": [],
                    "modify_via_header": [],
                    "origin": [],
                    "origin_characteristics": [],
                    "origin_characteristics_wsd": [],
                    "origin_failure_recovery_method": [],
                    "origin_failure_recovery_policy": [],
                    "origin_ip_acl": [],
                    "permissions_policy": [],
                    "persistent_client_connection": [],
                    "persistent_connection": [],
                    "personally_identifiable_information": [],
                    "phased_release": [],
                    "preconnect": [],
                    "predictive_content_delivery": [],
                    "predictive_prefetching": [],
                    "prefetch": [],
                    "prefetchable": [],
                    "prefresh_cache": [],
                    "quality": [],
                    "quic_beta": [],
                    "random_seek": [],
                    "rapid": [],
                    "read_timeout": [],
                    "real_time_reporting": [],
                    "real_user_monitoring": [],
                    "redirect": [],
                    "redirectplus": [],
                    "referer_checking": [],
                    "remove_query_parameter": [],
                    "remove_vary": [],
                    "report": [],
                    "request_client_hints": [],
                    "request_control": [],
                    "request_type_marker": [],
                    "resource_optimizer": [],
                    "resource_optimizer_extended_compatibility": [],
                    "response_code": [],
                    "response_cookie": [],
                    "restrict_object_caching": [],
                    "return_cache_status": [],
                    "rewrite_url": [],
                    "rum_custom": [],
                    "saas_definitions": [],
                    "sales_force_commerce_cloud_client": [],
                    "sales_force_commerce_cloud_provider": [],
                    "sales_force_commerce_cloud_provider_host_header": [],
                    "save_post_dca_processing": [],
                    "schedule_invalidation": [],
                    "script_management": [],
                    "segmented_content_protection": [],
                    "segmented_media_optimization": [],
                    "segmented_media_streaming_prefetch": [],
                    "set_variable": [],
                    "simulate_error_code": [],
                    "site_shield": [],
                    "standard_tls_migration": [],
                    "standard_tls_migration_override": [],
                    "strict_header_parsing": [],
                    "sub_customer": [],
                    "sure_route": [],
                    "tcp_optimization": [],
                    "tea_leaf": [],
                    "tiered_distribution": [],
                    "tiered_distribution_advanced": [],
                    "tiered_distribution_customization": [],
                    "timeout": [],
                    "uid_configuration": [],
                    "validate_entity_tag": [],
                    "verify_json_web_token": [],
                    "verify_json_web_token_for_dcp": [],
                    "verify_token_authorization": [],
                    "virtual_waiting_room": [],
                    "virtual_waiting_room_with_edge_workers": [],
                    "visitor_prioritization": [],
                    "visitor_prioritization_fifo": [],
                    "visitor_prioritization_fifo_standalone": [],
                    "watermarking": [],
                    "web_application_firewall": [],
                    "web_sockets": [],
                    "webdav": []
                  }
                ],
                "children": [
                  "{\n  \"_ruleFormat_\": \"rules_v2024_01_09\",\n  \"rules\": {\n    \"behaviors\": [\n      {\n        \"name\": \"advanced\",\n        \"options\": {\n          \"description\": \"Caching for 200 OK\",\n          \"xml\": \"\\u003cmatch:response.status value=\\\"200\\\" result=\\\"true\\\"\\u003e\\n    \\u003cedgeservices:modify-incoming-response.add-header\\u003e\\n        \\u003cstatus\\u003eon\\u003c/status\\u003e\\n        \\u003cname\\u003ecache-control\\u003c/name\\u003e\\n        \\u003cvalue\\u003emax-age=31536000\\u003c/value\\u003e\\n    \\u003c/edgeservices:modify-incoming-response.add-header\\u003e\\n\\u003c/match:response.status\\u003e\"\n        },\n        \"uuid\": \"2d0529c3-8d2b-4bf4-a5ef-abb3bba45f1a\"\n      }\n    ],\n    \"name\": \"200OK\",\n    \"options\": {},\n    \"uuid\": \"4b4fd63b-753d-42ab-a0fa-58698ab1a321\",\n    \"criteriaMustSatisfy\": \"all\"\n  }\n}"
                ],
                "comments": "",
                "criteria_locked": false,
                "criteria_must_satisfy": "all",
                "criterion": [],
                "custom_override": [],
                "is_secure": false,
                "name": "Caching",
                "template_link": "",
                "template_uuid": "",
                "uuid": "e388511d-29ee-435b-981c-00fb34ea1d35",
                "variable": []
              }
            ],
            "rules_v2024_02_12": null,
            "rules_v2024_05_31": null,
            "rules_v2024_08_13": null,
            "rules_v2024_10_21": null,
            "rules_v2025_01_13": null,
            "rules_v2025_02_18": null,
            "rules_v2025_03_24": null,
            "rules_v2025_04_29": null,
            "rules_v2025_05_30": null,
            "rules_v2025_07_07": null,
            "rules_v2025_09_09": null,
            "rules_v2025_10_16": null
          },
          "sensitive_attributes": [],
          "identity_schema_version": 0
        }
      ]
    },
    {
      "mode": "data",
      "type": "akamai_property_rules_builder",
      "name": "property_name_rule_default",
      "provider": "provider[\"registry.terraform.io/akamai/akamai\"]",
      "instances": [
        {
          "schema_version": 0,
          "attributes": {
            "id": "4a1db22b8eb6336300bab01f9628aa80",
            "json": "{\n  \"_ruleFormat_\": \"rules_v2024_01_09\",\n  \"rules\": {\n    \"behaviors\": [\n      {\n        \"name\": \"origin\",\n        \"options\": {\n          \"cacheKeyHostname\": \"ORIGIN_HOSTNAME\",\n          \"compress\": true,\n          \"customCertificateAuthorities\": [],\n          \"customCertificates\": [\n            {\n              \"canBeCA\": false,\n              \"canBeLeaf\": false,\n              \"issuerRDNs\": {\n                \"C\": \"US\",\n                \"CN\": \"flexorigin\",\n                \"O\": \"xap\",\n                \"OU\": \"devel\"\n              },\n              \"notAfter\": 2005069037000,\n              \"notBefore\": 1689709037000,\n              \"pemEncodedCert\": \"-----BEGIN CERTIFICATE-----\\nMIID2TCCAsGgAwIBAgIUaX0dObHvowk3z8Txu0tqIneSql0wDQYJKoZIhvcNAQEL\\nBQAwfDELMAkGA1UEBhMCVVMxDzANBgNVBAgMBk9yZWdvbjENMAsGA1UEBwwEQmVu\\nZDEMMAoGA1UECgwDeGFwMQ4wDAYDVQQLDAVkZXZlbDETMBEGA1UEAwwKZmxleG9y\\naWdpbjEaMBgGCSqGSIb3DQEJARYLZm9AdGVzdC5uZXQwHhcNMjMwNzE4MTkzNzE3\\nWhcNMzMwNzE1MTkzNzE3WjB8MQswCQYDVQQGEwJVUzEPMA0GA1UECAwGT3JlZ29u\\nMQ0wCwYDVQQHDARCZW5kMQwwCgYDVQQKDAN4YXAxDjAMBgNVBAsMBWRldmVsMRMw\\nEQYDVQQDDApmbGV4b3JpZ2luMRowGAYJKoZIhvcNAQkBFgtmb0B0ZXN0Lm5ldDCC\\nASIwDQYJKoZIhvcNAQEBBQADggEPADCCAQoCggEBAJhEW51UYxj+tiIgkO55agN0\\nuksJGaUUyI27wEAE7QOa/W1bIPjBrRTXxKCbFpwRx/LysPSIWuOyLAOBBADTokre\\nNUG7mcKp+fMAwNeK1wBfQsOT+FJ6BkdujjzgNmSJNW/OwZU3Et6v/jccWN7JKHR4\\nPiCFoSPiS80kgkntVDqhMdTOpc5jsfQA3BSfCnEKvkZP1ATjIZ1dPH+pIGhes+D/\\nO5b0eBW5I1LrFSM5NywLofBoLdSrEqPYiY6ub/oP4+hJ2t/1vEo02PgJVfGJpsqH\\nyuSSVniuijVSwLX5PB2WcjzAUD1trSmVovc6Rbc4qdUmQgMEjNySyMsRjAqL+TEC\\nAwEAAaNTMFEwHQYDVR0OBBYEFL9j71SmBJ0beZLjRvUOv3mBFz7YMB8GA1UdIwQY\\nMBaAFL9j71SmBJ0beZLjRvUOv3mBFz7YMA8GA1UdEwEB/wQFMAMBAf8wDQYJKoZI\\nhvcNAQELBQADggEBAGjVuwVAF7KFQArk4sm/Ong0Qx61xN6ZAYco3Z3nw0zqYoDe\\nE0Diw82hSYgrzD/XJG5FvH7hvt/i2cv+ltBKFAqo17t7qrbv3OlWC/gCXIitQ/O/\\n+jYtiog25TwUDI1AT9x7xOhjBQuxUdhVLlQEG1iGuP9KFfxwt9Cm0gyraiogy3Zt\\nYYvenUp1R9c7uAql4S+K+30e4sSwnC3CJkMhgCIhVljZDC6FuqT2CiKgvhd/JIxj\\nR7TM383HwXBqRjzSUBKGqJSvJ62Un8qVLtWT22z6bbtPWO6Gih/fRhuNtnlnxnG8\\nIrjERcUCREalN7GmW37sXGfjmKUSEc8qJar6giQ=\\n-----END CERTIFICATE-----\\n\",\n              \"publicKey\": \"MIIBIjANBgkqhkiG9w0BAQEFAAOCAQ8AMIIBCgKCAQEAmERbnVRjGP62IiCQ7nlqA3S6SwkZpRTIjbvAQATtA5r9bVsg+MGtFNfEoJsWnBHH8vKw9Iha47IsA4EEANOiSt41QbuZwqn58wDA14rXAF9Cw5P4UnoGR26OPOA2ZIk1b87BlTcS3q/+NxxY3skodHg+IIWhI+JLzSSCSe1UOqEx1M6lzmOx9ADcFJ8KcQq+Rk/UBOMhnV08f6kgaF6z4P87lvR4FbkjUusVIzk3LAuh8Ggt1KsSo9iJjq5v+g/j6Ena3/W8SjTY+AlV8YmmyofK5JJWeK6KNVLAtfk8HZZyPMBQPW2tKZWi9zpFtzip1SZCAwSM3JLIyxGMCov5MQIDAQAB\",\n              \"publicKeyAlgorithm\": \"RSA\",\n              \"publicKeyFormat\": \"X.509\",\n              \"selfSigned\": true,\n              \"serialNumber\": \"602234169975224034444028885843984148201255119453\",\n              \"sha1Fingerprint\": \"41d2adf3988c5ced592dd8bd7ed7d75655a5e232\",\n              \"sigAlgName\": \"SHA256withRSA\",\n              \"subjectAlternativeNames\": [],\n              \"subjectCN\": \"flexorigin\",\n              \"subjectRDNs\": {\n                \"C\": \"US\",\n                \"CN\": \"flexorigin\",\n                \"O\": \"xap\",\n                \"OU\": \"devel\"\n              },\n              \"version\": 3\n            }\n          ],\n          \"customValidCnValues\": [\n            \"{{Origin Hostname}}\",\n            \"{{Forward Host Header}}\",\n            \"flexorigin\"\n          ],\n          \"enableTrueClientIp\": true,\n          \"forwardHostHeader\": \"REQUEST_HOST_HEADER\",\n          \"hostname\": \"170.187.181.126\",\n          \"httpPort\": 80,\n          \"httpsPort\": 443,\n          \"ipVersion\": \"IPV4\",\n          \"minTlsVersion\": \"DYNAMIC\",\n          \"originCertificate\": \"\",\n          \"originCertsToHonor\": \"COMBO\",\n          \"originSni\": true,\n          \"originType\": \"CUSTOMER\",\n          \"ports\": \"\",\n          \"standardCertificateAuthorities\": [\n            \"akamai-permissive\"\n          ],\n          \"tlsVersionTitle\": \"\",\n          \"trueClientIpClientSetting\": true,\n          \"trueClientIpHeader\": \"True-Client-IP\",\n          \"verificationMode\": \"CUSTOM\"\n        }\n      },\n      {\n        \"name\": \"cpCode\",\n        \"options\": {\n          \"value\": {\n            \"cpCodeLimits\": {\n              \"currentCapacity\": 3474,\n              \"limit\": 10000,\n              \"limitType\": \"account\"\n            },\n            \"createdDate\": 1701796224000,\n            \"description\": \"Viraj.Master.Lab.2023\",\n            \"id\": 1569240,\n            \"name\": \"Viraj.Master.Lab.2023\",\n            \"products\": [\n              \"Fresca\"\n            ]\n          }\n        }\n      },\n      {\n        \"name\": \"mPulse\",\n        \"options\": {\n          \"apiKey\": \"9EY8D-YL765-QZV6K-NFA9S-JRUHN\",\n          \"bufferSize\": \"\",\n          \"configOverride\": \"\",\n          \"enabled\": true,\n          \"loaderVersion\": \"V12\",\n          \"requirePci\": false,\n          \"titleOptional\": \"\"\n        }\n      }\n    ],\n    \"children\": [\n      {\n        \"behaviors\": [\n          {\n            \"name\": \"origin\",\n            \"options\": {\n              \"netStorage\": {\n                \"cpCode\": 320422,\n                \"downloadDomainName\": \"atf.download.akamai.com\"\n              },\n              \"originType\": \"NET_STORAGE\"\n            }\n          },\n          {\n            \"name\": \"caching\",\n            \"options\": {\n              \"behavior\": \"MAX_AGE\",\n              \"mustRevalidate\": false,\n              \"ttl\": \"10m\"\n            }\n          },\n          {\n            \"name\": \"rewriteUrl\",\n            \"options\": {\n              \"behavior\": \"REPLACE\",\n              \"keepQueryString\": true,\n              \"match\": \"/sandbox/\",\n              \"matchMultiple\": false,\n              \"targetPath\": \"/sfztest1/Archive/\"\n            }\n          }\n        ],\n        \"criteria\": [\n          {\n            \"name\": \"path\",\n            \"options\": {\n              \"matchCaseSensitive\": false,\n              \"matchOperator\": \"MATCHES_ONE_OF\",\n              \"normalize\": false,\n              \"values\": [\n                \"/sandbox/*\"\n              ]\n            }\n          }\n        ],\n        \"name\": \"/content/*\",\n        \"options\": {},\n        \"criteriaMustSatisfy\": \"all\"\n      },\n      {\n        \"behaviors\": [\n          {\n            \"name\": \"simulateErrorCode\",\n            \"options\": {\n              \"errorType\": \"ERR_CONNECT_FAIL\"\n            }\n          }\n        ],\n        \"criteria\": [\n          {\n            \"name\": \"requestHeader\",\n            \"options\": {\n              \"headerName\": \"breakconnection\",\n              \"matchCaseSensitiveValue\": true,\n              \"matchOperator\": \"IS_ONE_OF\",\n              \"matchWildcardName\": false,\n              \"matchWildcardValue\": false,\n              \"values\": [\n                \"true\"\n              ]\n            }\n          }\n        ],\n        \"name\": \"Break connection\",\n        \"options\": {},\n        \"criteriaMustSatisfy\": \"all\"\n      },\n      {\n        \"behaviors\": [\n          {\n            \"name\": \"advanced\",\n            \"options\": {\n              \"description\": \"Response Header X-Ref-Error\",\n              \"xml\": \"\\u003cedgeservices:modify-outgoing-response.add-error-reference-header\\u003eon\\u003c/edgeservices:modify-outgoing-response.add-error-reference-header\\u003e\"\n            },\n            \"uuid\": \"f3d666cf-77e7-4b27-abfe-d48530a04bc1\"\n          },\n          {\n            \"name\": \"globalRequestNumber\",\n            \"options\": {\n              \"headerName\": \"Akamai-GRN\",\n              \"outputOption\": \"RESPONSE_HEADER\"\n            }\n          }\n        ],\n        \"name\": \"Reference Error\",\n        \"options\": {},\n        \"uuid\": \"cbfae6c1-ff6d-4fc0-b75a-3fa4937c4fde\",\n        \"criteriaMustSatisfy\": \"any\"\n      },\n      {\n        \"behaviors\": [\n          {\n            \"name\": \"caching\",\n            \"options\": {\n              \"behavior\": \"CACHE_CONTROL\",\n              \"cacheControlDirectives\": \"\",\n              \"defaultTtl\": \"1h\",\n              \"enhancedRfcSupport\": false,\n              \"honorMustRevalidate\": false,\n              \"honorPrivate\": false,\n              \"mustRevalidate\": false\n            }\n          }\n        ],\n        \"children\": [\n          {\n            \"behaviors\": [\n              {\n                \"name\": \"advanced\",\n                \"options\": {\n                  \"description\": \"Caching for 200 OK\",\n                  \"xml\": \"\\u003cmatch:response.status value=\\\"200\\\" result=\\\"true\\\"\\u003e\\n    \\u003cedgeservices:modify-incoming-response.add-header\\u003e\\n        \\u003cstatus\\u003eon\\u003c/status\\u003e\\n        \\u003cname\\u003ecache-control\\u003c/name\\u003e\\n        \\u003cvalue\\u003emax-age=31536000\\u003c/value\\u003e\\n    \\u003c/edgeservices:modify-incoming-response.add-header\\u003e\\n\\u003c/match:response.status\\u003e\"\n                },\n                \"uuid\": \"2d0529c3-8d2b-4bf4-a5ef-abb3bba45f1a\"\n              }\n            ],\n            \"name\": \"200OK\",\n            \"options\": {},\n            \"uuid\": \"4b4fd63b-753d-42ab-a0fa-58698ab1a321\",\n            \"criteriaMustSatisfy\": \"all\"\n          }\n        ],\n        \"name\": \"Caching\",\n        \"options\": {},\n        \"uuid\": \"e388511d-29ee-435b-981c-00fb34ea1d35\",\n        \"criteriaMustSatisfy\": \"all\"\n      }\n    ],\n    \"comments\": \"The Default Rule template contains all the necessary and recommended behaviors. Rules are evaluated from top to bottom and the last matching rule wins.\",\n    \"name\": \"default\",\n    \"options\": {\n      \"is_secure\": true\n    },\n    \"uuid\": \"default\",\n    \"variables\": [\n      {\n        \"description\": \"\",\n        \"hidden\": false,\n        \"name\": \"PMUSER_JA3_FINGERPRINT\",\n        \"sensitive\": false,\n        \"value\": \"\"\n      },\n      {\n        \"description\": \"\",\n        \"hidden\": false,\n        \"name\": \"PMUSER_TLS_CLIENT_HELLO\",\n        \"sensitive\": false,\n        \"value\": \"\"\n      },\n      {\n        \"description\": \"\",\n        \"hidden\": false,\n        \"name\": \"PMUSER_REF_ERROR\",\n        \"sensitive\": false,\n        \"value\": \"\"\n      },\n      {\n        \"description\": \"\",\n        \"hidden\": false,\n        \"name\": \"PMUSER_X_REFERENCE_NO\",\n        \"sensitive\": false,\n        \"value\": \"\"\n      }\n    ]\n  }\n}",
            "rule_format": "v2024-01-09",
            "rules_v2023_01_05": null,
            "rules_v2023_05_30": null,
            "rules_v2023_09_20": null,
            "rules_v2023_10_30": null,
            "rules_v2024_01_09": [
              {
                "advanced_override": "",
                "behavior": [
                  {
                    "ad_scaler_circuit_breaker": [],
                    "adaptive_acceleration": [],
                    "adaptive_image_compression": [],
                    "advanced": [],
                    "aggregated_reporting": [],
                    "akamaizer": [],
                    "akamaizer_tag": [],
                    "all_http_in_cache_hierarchy": [],
                    "allow_cloudlets_origins": [],
                    "allow_delete": [],
                    "allow_https_cache_key_sharing": [],
                    "allow_https_downgrade": [],
                    "allow_options": [],
                    "allow_patch": [],
                    "allow_post": [],
                    "allow_put": [],
                    "allow_transfer_encoding": [],
                    "alt_svc_header": [],
                    "api_prioritization": [],
                    "application_load_balancer": [],
                    "audience_segmentation": [],
                    "auto_domain_validation": [],
                    "base_directory": [],
                    "boss_beaconing": [],
                    "breadcrumbs": [],
                    "break_connection": [],
                    "brotli": [],
                    "cache_error": [],
                    "cache_id": [],
                    "cache_key_ignore_case": [],
                    "cache_key_query_params": [],
                    "cache_key_rewrite": [],
                    "cache_post": [],
                    "cache_redirect": [],
                    "cache_tag": [],
                    "cache_tag_visible": [],
                    "caching": [],
                    "central_authorization": [],
                    "chase_redirects": [],
                    "client_certificate_auth": [],
                    "client_characteristics": [],
                    "cloud_interconnects": [],
                    "cloud_wrapper": [],
                    "cloud_wrapper_advanced": [],
                    "common_media_client_data": [],
                    "conditional_origin": [],
                    "construct_response": [],
                    "content_characteristics": [],
                    "content_characteristics_amd": [],
                    "content_characteristics_dd": [],
                    "content_characteristics_wsd_large_file": [],
                    "content_characteristics_wsd_live": [],
                    "content_characteristics_wsd_vod": [],
                    "content_pre_position": [],
                    "content_targeting_protection": [],
                    "cors_support": [],
                    "cp_code": [],
                    "custom_behavior": [],
                    "datastream": [],
                    "dcp": [],
                    "dcp_auth_hmac_transformation": [],
                    "dcp_auth_regex_transformation": [],
                    "dcp_auth_substring_transformation": [],
                    "dcp_auth_variable_extractor": [],
                    "dcp_default_authz_groups": [],
                    "dcp_dev_relations": [],
                    "dcp_real_time_auth": [],
                    "delivery_receipt": [],
                    "deny_access": [],
                    "deny_direct_failover_access": [],
                    "device_characteristic_cache_id": [],
                    "device_characteristic_header": [],
                    "dns_async_refresh": [],
                    "dns_prefresh": [],
                    "downgrade_protocol": [],
                    "download_complete_marker": [],
                    "download_notification": [],
                    "downstream_cache": [],
                    "dynamic_throughtput_optimization": [],
                    "dynamic_throughtput_optimization_override": [],
                    "dynamic_web_content": [],
                    "ecms_bulk_upload": [],
                    "ecms_database": [],
                    "ecms_dataset": [],
                    "ecms_object_key": [],
                    "edge_connect": [],
                    "edge_load_balancing_advanced": [],
                    "edge_load_balancing_data_center": [],
                    "edge_load_balancing_origin": [],
                    "edge_origin_authorization": [],
                    "edge_redirector": [],
                    "edge_scape": [],
                    "edge_side_includes": [],
                    "edge_worker": [],
                    "enforce_mtls_settings": [],
                    "enhanced_akamai_protocol": [],
                    "enhanced_proxy_detection": [],
                    "epd_forward_header_enrichment": [],
                    "fail_action": [],
                    "failover_bot_manager_feature_compatibility": [],
                    "fast_invalidate": [],
                    "fips": [],
                    "first_party_marketing": [],
                    "first_party_marketing_plus": [],
                    "forward_rewrite": [],
                    "g2oheader": [],
                    "global_request_number": [],
                    "graphql_caching": [],
                    "gzip_response": [],
                    "hd_data_advanced": [],
                    "health_detection": [],
                    "hsaf_eip_binding": [],
                    "http2": [],
                    "http3": [],
                    "http_strict_transport_security": [],
                    "http_to_https_upgrade": [],
                    "im_override": [],
                    "image_and_video_manager": [],
                    "image_manager": [],
                    "image_manager_video": [],
                    "include": [],
                    "instant": [],
                    "instant_config": [],
                    "large_file_optimization": [],
                    "large_file_optimization_advanced": [],
                    "limit_bit_rate": [],
                    "log_custom": [],
                    "m_pulse": [],
                    "manifest_personalization": [],
                    "manifest_rerouting": [],
                    "manual_server_push": [],
                    "media_acceleration": [],
                    "media_acceleration_quic_optout": [],
                    "media_client": [],
                    "media_file_retrieval_optimization": [],
                    "media_origin_failover": [],
                    "metadata_caching": [],
                    "mobile_sdk_performance": [],
                    "modify_incoming_request_header": [],
                    "modify_incoming_response_header": [],
                    "modify_outgoing_request_header": [],
                    "modify_outgoing_response_header": [],
                    "modify_via_header": [],
                    "origin": [
                      {
                        "cache_key_hostname": "ORIGIN_HOSTNAME",
                        "compress": true,
                        "custom_certificate_authorities": [
                          {
                            "can_be_ca": null,
                            "can_be_leaf": null,
                            "issuer_rdns": null,
                            "not_after": null,
                            "not_before": null,
                            "pem_encoded_cert": null,
                            "public_key": null,
                            "public_key_algorithm": null,
                            "public_key_format": null,
                            "self_signed": null,
                            "serial_number": null,
                            "sha1_fingerprint": null,
                            "sig_alg_name": null,
                            "subject_alternative_names": null,
                            "subject_cn": null,
                            "subject_rdns": null,
                            "version": null
                          }
                        ],
                        "custom_certificates": [
                          {
                            "can_be_ca": false,
                            "can_be_leaf": false,
                            "issuer_rdns": [
                              {
                                "business_category": "",
                                "c": "US",
                                "cn": "flexorigin",
                                "country_of_citizenship": "",
                                "country_of_residence": "",
                                "date_of_birth": "",
                                "dc": "",
                                "description": "",
                                "dn_qualifier": "",
                                "email_address": "",
                                "gender": "",
                                "generation": "",
                                "givenname": "",
                                "initials": "",
                                "jurisdiction_c": "",
                                "jurisdiction_l": "",
                                "jurisdiction_st": "",
                                "l": "",
                                "name": "",
                                "name_at_birth": "",
                                "o": "xap",
                                "organization_identifier": "",
                                "ou": "devel",
                                "place_of_birth": "",
                                "postal_address": "",
                                "postal_code": "",
                                "pseudonym": "",
                                "role": "",
                                "serialnumber": "",
                                "st": "",
                                "street": "",
                                "surname": "",
                                "t": "",
                                "telephone_number": "",
                                "uid": "",
                                "unique_identifier": "",
                                "unstructured_address": "",
                                "unstructured_name": ""
                              }
                            ],
                            "not_after": 2005069037000,
                            "not_before": 1689709037000,
                            "pem_encoded_cert": "-----BEGIN CERTIFICATE-----\nMIID2TCCAsGgAwIBAgIUaX0dObHvowk3z8Txu0tqIneSql0wDQYJKoZIhvcNAQEL\nBQAwfDELMAkGA1UEBhMCVVMxDzANBgNVBAgMBk9yZWdvbjENMAsGA1UEBwwEQmVu\nZDEMMAoGA1UECgwDeGFwMQ4wDAYDVQQLDAVkZXZlbDETMBEGA1UEAwwKZmxleG9y\naWdpbjEaMBgGCSqGSIb3DQEJARYLZm9AdGVzdC5uZXQwHhcNMjMwNzE4MTkzNzE3\nWhcNMzMwNzE1MTkzNzE3WjB8MQswCQYDVQQGEwJVUzEPMA0GA1UECAwGT3JlZ29u\nMQ0wCwYDVQQHDARCZW5kMQwwCgYDVQQKDAN4YXAxDjAMBgNVBAsMBWRldmVsMRMw\nEQYDVQQDDApmbGV4b3JpZ2luMRowGAYJKoZIhvcNAQkBFgtmb0B0ZXN0Lm5ldDCC\nASIwDQYJKoZIhvcNAQEBBQADggEPADCCAQoCggEBAJhEW51UYxj+tiIgkO55agN0\nuksJGaUUyI27wEAE7QOa/W1bIPjBrRTXxKCbFpwRx/LysPSIWuOyLAOBBADTokre\nNUG7mcKp+fMAwNeK1wBfQsOT+FJ6BkdujjzgNmSJNW/OwZU3Et6v/jccWN7JKHR4\nPiCFoSPiS80kgkntVDqhMdTOpc5jsfQA3BSfCnEKvkZP1ATjIZ1dPH+pIGhes+D/\nO5b0eBW5I1LrFSM5NywLofBoLdSrEqPYiY6ub/oP4+hJ2t/1vEo02PgJVfGJpsqH\nyuSSVniuijVSwLX5PB2WcjzAUD1trSmVovc6Rbc4qdUmQgMEjNySyMsRjAqL+TEC\nAwEAAaNTMFEwHQYDVR0OBBYEFL9j71SmBJ0beZLjRvUOv3mBFz7YMB8GA1UdIwQY\nMBaAFL9j71SmBJ0beZLjRvUOv3mBFz7YMA8GA1UdEwEB/wQFMAMBAf8wDQYJKoZI\nhvcNAQELBQADggEBAGjVuwVAF7KFQArk4sm/Ong0Qx61xN6ZAYco3Z3nw0zqYoDe\nE0Diw82hSYgrzD/XJG5FvH7hvt/i2cv+ltBKFAqo17t7qrbv3OlWC/gCXIitQ/O/\n+jYtiog25TwUDI1AT9x7xOhjBQuxUdhVLlQEG1iGuP9KFfxwt9Cm0gyraiogy3Zt\nYYvenUp1R9c7uAql4S+K+30e4sSwnC3CJkMhgCIhVljZDC6FuqT2CiKgvhd/JIxj\nR7TM383HwXBqRjzSUBKGqJSvJ62Un8qVLtWT22z6bbtPWO6Gih/fRhuNtnlnxnG8\nIrjERcUCREalN7GmW37sXGfjmKUSEc8qJar6giQ=\n-----END CERTIFICATE-----\n",
                            "public_key": "MIIBIjANBgkqhkiG9w0BAQEFAAOCAQ8AMIIBCgKCAQEAmERbnVRjGP62IiCQ7nlqA3S6SwkZpRTIjbvAQATtA5r9bVsg+MGtFNfEoJsWnBHH8vKw9Iha47IsA4EEANOiSt41QbuZwqn58wDA14rXAF9Cw5P4UnoGR26OPOA2ZIk1b87BlTcS3q/+NxxY3skodHg+IIWhI+JLzSSCSe1UOqEx1M6lzmOx9ADcFJ8KcQq+Rk/UBOMhnV08f6kgaF6z4P87lvR4FbkjUusVIzk3LAuh8Ggt1KsSo9iJjq5v+g/j6Ena3/W8SjTY+AlV8YmmyofK5JJWeK6KNVLAtfk8HZZyPMBQPW2tKZWi9zpFtzip1SZCAwSM3JLIyxGMCov5MQIDAQAB",
                            "public_key_algorithm": "RSA",
                            "public_key_format": "X.509",
                            "self_signed": true,
                            "serial_number": "602234169975224034444028885843984148201255119453",
                            "sha1_fingerprint": "41d2adf3988c5ced592dd8bd7ed7d75655a5e232",
                            "sig_alg_name": "SHA256withRSA",
                            "subject_alternative_names": [],
                            "subject_cn": "flexorigin",
                            "subject_rdns": [
                              {
                                "business_category": "",
                                "c": "US",
                                "cn": "flexorigin",
                                "country_of_citizenship": "",
                                "country_of_residence": "",
                                "date_of_birth": "",
                                "dc": "",
                                "description": "",
                                "dn_qualifier": "",
                                "email_address": "",
                                "gender": "",
                                "generation": "",
                                "givenname": "",
                                "initials": "",
                                "jurisdiction_c": "",
                                "jurisdiction_l": "",
                                "jurisdiction_st": "",
                                "l": "",
                                "name": "",
                                "name_at_birth": "",
                                "o": "xap",
                                "organization_identifier": "",
                                "ou": "devel",
                                "place_of_birth": "",
                                "postal_address": "",
                                "postal_code": "",
                                "pseudonym": "",
                                "role": "",
                                "serialnumber": "",
                                "st": "",
                                "street": "",
                                "surname": "",
                                "t": "",
                                "telephone_number": "",
                                "uid": "",
                                "unique_identifier": "",
                                "unstructured_address": "",
                                "unstructured_name": ""
                              }
                            ],
                            "version": 3
                          }
                        ],
                        "custom_forward_host_header": "",
                        "custom_valid_cn_values": [
                          "{{Origin Hostname}}",
                          "{{Forward Host Header}}",
                          "flexorigin"
                        ],
                        "enable_true_client_ip": true,
                        "forward_host_header": "REQUEST_HOST_HEADER",
                        "hostname": "170.187.181.126",
                        "http_port": 80,
                        "https_port": 443,
                        "ip_version": "IPV4",
                        "locked": false,
                        "max_tls_version": "",
                        "min_tls_version": "DYNAMIC",
                        "mslorigin": "",
                        "net_storage": [],
                        "origin_certificate": "",
                        "origin_certs_to_honor": "COMBO",
                        "origin_id": "",
                        "origin_sni": true,
                        "origin_type": "CUSTOMER",
                        "ports": "",
                        "saas_cname_enabled": false,
                        "saas_cname_level": 0,
                        "saas_cookie": "",
                        "saas_query_string": "",
                        "saas_regex": "",
                        "saas_replace": "",
                        "saas_suffix": "",
                        "saas_type": "",
                        "second_hostname": "",
                        "second_hostname_enabled": false,
                        "standard_certificate_authorities": [
                          "akamai-permissive"
                        ],
                        "template_uuid": "",
                        "tls13_support": false,
                        "tls_version_title": "",
                        "true_client_ip_client_setting": true,
                        "true_client_ip_header": "True-Client-IP",
                        "use_unique_cache_key": false,
                        "uuid": "",
                        "verification_mode": "CUSTOM"
                      }
                    ],
                    "origin_characteristics": [],
                    "origin_characteristics_wsd": [],
                    "origin_failure_recovery_method": [],
                    "origin_failure_recovery_policy": [],
                    "origin_ip_acl": [],
                    "permissions_policy": [],
                    "persistent_client_connection": [],
                    "persistent_connection": [],
                    "personally_identifiable_information": [],
                    "phased_release": [],
                    "preconnect": [],
                    "predictive_content_delivery": [],
                    "predictive_prefetching": [],
                    "prefetch": [],
                    "prefetchable": [],
                    "prefresh_cache": [],
                    "quality": [],
                    "quic_beta": [],
                    "random_seek": [],
                    "rapid": [],
                    "read_timeout": [],
                    "real_time_reporting": [],
                    "real_user_monitoring": [],
                    "redirect": [],
                    "redirectplus": [],
                    "referer_checking": [],
                    "remove_query_parameter": [],
                    "remove_vary": [],
                    "report": [],
                    "request_client_hints": [],
                    "request_control": [],
                    "request_type_marker": [],
                    "resource_optimizer": [],
                    "resource_optimizer_extended_compatibility": [],
                    "response_code": [],
                    "response_cookie": [],
                    "restrict_object_caching": [],
                    "return_cache_status": [],
                    "rewrite_url": [],
                    "rum_custom": [],
                    "saas_definitions": [],
                    "sales_force_commerce_cloud_client": [],
                    "sales_force_commerce_cloud_provider": [],
                    "sales_force_commerce_cloud_provider_host_header": [],
                    "save_post_dca_processing": [],
                    "schedule_invalidation": [],
                    "script_management": [],
                    "segmented_content_protection": [],
                    "segmented_media_optimization": [],
                    "segmented_media_streaming_prefetch": [],
                    "set_variable": [],
                    "simulate_error_code": [],
                    "site_shield": [],
                    "standard_tls_migration": [],
                    "standard_tls_migration_override": [],
                    "strict_header_parsing": [],
                    "sub_customer": [],
                    "sure_route": [],
                    "tcp_optimization": [],
                    "tea_leaf": [],
                    "tiered_distribution": [],
                    "tiered_distribution_advanced": [],
                    "tiered_distribution_customization": [],
                    "timeout": [],
                    "uid_configuration": [],
                    "validate_entity_tag": [],
                    "verify_json_web_token": [],
                    "verify_json_web_token_for_dcp": [],
                    "verify_token_authorization": [],
                    "virtual_waiting_room": [],
                    "virtual_waiting_room_with_edge_workers": [],
                    "visitor_prioritization": [],
                    "visitor_prioritization_fifo": [],
                    "visitor_prioritization_fifo_standalone": [],
                    "watermarking": [],
                    "web_application_firewall": [],
                    "web_sockets": [],
                    "webdav": []
                  },
                  {
                    "ad_scaler_circuit_breaker": [],
                    "adaptive_acceleration": [],
                    "adaptive_image_compression": [],
                    "advanced": [],
                    "aggregated_reporting": [],
                    "akamaizer": [],
                    "akamaizer_tag": [],
                    "all_http_in_cache_hierarchy": [],
                    "allow_cloudlets_origins": [],
                    "allow_delete": [],
                    "allow_https_cache_key_sharing": [],
                    "allow_https_downgrade": [],
                    "allow_options": [],
                    "allow_patch": [],
                    "allow_post": [],
                    "allow_put": [],
                    "allow_transfer_encoding": [],
                    "alt_svc_header": [],
                    "api_prioritization": [],
                    "application_load_balancer": [],
                    "audience_segmentation": [],
                    "auto_domain_validation": [],
                    "base_directory": [],
                    "boss_beaconing": [],
                    "breadcrumbs": [],
                    "break_connection": [],
                    "brotli": [],
                    "cache_error": [],
                    "cache_id": [],
                    "cache_key_ignore_case": [],
                    "cache_key_query_params": [],
                    "cache_key_rewrite": [],
                    "cache_post": [],
                    "cache_redirect": [],
                    "cache_tag": [],
                    "cache_tag_visible": [],
                    "caching": [],
                    "central_authorization": [],
                    "chase_redirects": [],
                    "client_certificate_auth": [],
                    "client_characteristics": [],
                    "cloud_interconnects": [],
                    "cloud_wrapper": [],
                    "cloud_wrapper_advanced": [],
                    "common_media_client_data": [],
                    "conditional_origin": [],
                    "construct_response": [],
                    "content_characteristics": [],
                    "content_characteristics_amd": [],
                    "content_characteristics_dd": [],
                    "content_characteristics_wsd_large_file": [],
                    "content_characteristics_wsd_live": [],
                    "content_characteristics_wsd_vod": [],
                    "content_pre_position": [],
                    "content_targeting_protection": [],
                    "cors_support": [],
                    "cp_code": [
                      {
                        "locked": false,
                        "template_uuid": "",
                        "uuid": "",
                        "value": [
                          {
                            "cp_code_limits": [
                              {
                                "current_capacity": 3474,
                                "limit": 10000,
                                "limit_type": "account"
                              }
                            ],
                            "created_date": 1701796224000,
                            "description": "Viraj.Master.Lab.2023",
                            "id": 1569240,
                            "name": "Viraj.Master.Lab.2023",
                            "products": [
                              "Fresca"
                            ]
                          }
                        ]
                      }
                    ],
                    "custom_behavior": [],
                    "datastream": [],
                    "dcp": [],
                    "dcp_auth_hmac_transformation": [],
                    "dcp_auth_regex_transformation": [],
                    "dcp_auth_substring_transformation": [],
                    "dcp_auth_variable_extractor": [],
                    "dcp_default_authz_groups": [],
                    "dcp_dev_relations": [],
                    "dcp_real_time_auth": [],
                    "delivery_receipt": [],
                    "deny_access": [],
                    "deny_direct_failover_access": [],
                    "device_characteristic_cache_id": [],
                    "device_characteristic_header": [],
                    "dns_async_refresh": [],
                    "dns_prefresh": [],
                    "downgrade_protocol": [],
                    "download_complete_marker": [],
                    "download_notification": [],
                    "downstream_cache": [],
                    "dynamic_throughtput_optimization": [],
                    "dynamic_throughtput_optimization_override": [],
                    "dynamic_web_content": [],
                    "ecms_bulk_upload": [],
                    "ecms_database": [],
                    "ecms_dataset": [],
                    "ecms_object_key": [],
                    "edge_connect": [],
                    "edge_load_balancing_advanced": [],
                    "edge_load_balancing_data_center": [],
                    "edge_load_balancing_origin": [],
                    "edge_origin_authorization": [],
                    "edge_redirector": [],
                    "edge_scape": [],
                    "edge_side_includes": [],
                    "edge_worker": [],
                    "enforce_mtls_settings": [],
                    "enhanced_akamai_protocol": [],
                    "enhanced_proxy_detection": [],
                    "epd_forward_header_enrichment": [],
                    "fail_action": [],
                    "failover_bot_manager_feature_compatibility": [],
                    "fast_invalidate": [],
                    "fips": [],
                    "first_party_marketing": [],
                    "first_party_marketing_plus": [],
                    "forward_rewrite": [],
                    "g2oheader": [],
                    "global_request_number": [],
                    "graphql_caching": [],
                    "gzip_response": [],
                    "hd_data_advanced": [],
                    "health_detection": [],
                    "hsaf_eip_binding": [],
                    "http2": [],
                    "http3": [],
                    "http_strict_transport_security": [],
                    "http_to_https_upgrade": [],
                    "im_override": [],
                    "image_and_video_manager": [],
                    "image_manager": [],
                    "image_manager_video": [],
                    "include": [],
                    "instant": [],
                    "instant_config": [],
                    "large_file_optimization": [],
                    "large_file_optimization_advanced": [],
                    "limit_bit_rate": [],
                    "log_custom": [],
                    "m_pulse": [],
                    "manifest_personalization": [],
                    "manifest_rerouting": [],
                    "manual_server_push": [],
                    "media_acceleration": [],
                    "media_acceleration_quic_optout": [],
                    "media_client": [],
                    "media_file_retrieval_optimization": [],
                    "media_origin_failover": [],
                    "metadata_caching": [],
                    "mobile_sdk_performance": [],
                    "modify_incoming_request_header": [],
                    "modify_incoming_response_header": [],
                    "modify_outgoing_request_header": [],
                    "modify_outgoing_response_header": [],
                    "modify_via_header": [],
                    "origin": [],
                    "origin_characteristics": [],
                    "origin_characteristics_wsd": [],
                    "origin_failure_recovery_method": [],
                    "origin_failure_recovery_policy": [],
                    "origin_ip_acl": [],
                    "permissions_policy": [],
                    "persistent_client_connection": [],
                    "persistent_connection": [],
                    "personally_identifiable_information": [],
                    "phased_release": [],
                    "preconnect": [],
                    "predictive_content_delivery": [],
                    "predictive_prefetching": [],
                    "prefetch": [],
                    "prefetchable": [],
                    "prefresh_cache": [],
                    "quality": [],
                    "quic_beta": [],
                    "random_seek": [],
                    "rapid": [],
                    "read_timeout": [],
                    "real_time_reporting": [],
                    "real_user_monitoring": [],
                    "redirect": [],
                    "redirectplus": [],
                    "referer_checking": [],
                    "remove_query_parameter": [],
                    "remove_vary": [],
                    "report": [],
                    "request_client_hints": [],
                    "request_control": [],
                    "request_type_marker": [],
                    "resource_optimizer": [],
                    "resource_optimizer_extended_compatibility": [],
                    "response_code": [],
                    "response_cookie": [],
                    "restrict_object_caching": [],
                    "return_cache_status": [],
                    "rewrite_url": [],
                    "rum_custom": [],
                    "saas_definitions": [],
                    "sales_force_commerce_cloud_client": [],
                    "sales_force_commerce_cloud_provider": [],
                    "sales_force_commerce_cloud_provider_host_header": [],
                    "save_post_dca_processing": [],
                    "schedule_invalidation": [],
                    "script_management": [],
                    "segmented_content_protection": [],
                    "segmented_media_optimization": [],
                    "segmented_media_streaming_prefetch": [],
                    "set_variable": [],
                    "simulate_error_code": [],
                    "site_shield": [],
                    "standard_tls_migration": [],
                    "standard_tls_migration_override": [],
                    "strict_header_parsing": [],
                    "sub_customer": [],
                    "sure_route": [],
                    "tcp_optimization": [],
                    "tea_leaf": [],
                    "tiered_distribution": [],
                    "tiered_distribution_advanced": [],
                    "tiered_distribution_customization": [],
                    "timeout": [],
                    "uid_configuration": [],
                    "validate_entity_tag": [],
                    "verify_json_web_token": [],
                    "verify_json_web_token_for_dcp": [],
                    "verify_token_authorization": [],
                    "virtual_waiting_room": [],
                    "virtual_waiting_room_with_edge_workers": [],
                    "visitor_prioritization": [],
                    "visitor_prioritization_fifo": [],
                    "visitor_prioritization_fifo_standalone": [],
                    "watermarking": [],
                    "web_application_firewall": [],
                    "web_sockets": [],
                    "webdav": []
                  },
                  {
                    "ad_scaler_circuit_breaker": [],
                    "adaptive_acceleration": [],
                    "adaptive_image_compression": [],
                    "advanced": [],
                    "aggregated_reporting": [],
                    "akamaizer": [],
                    "akamaizer_tag": [],
                    "all_http_in_cache_hierarchy": [],
                    "allow_cloudlets_origins": [],
                    "allow_delete": [],
                    "allow_https_cache_key_sharing": [],
                    "allow_https_downgrade": [],
                    "allow_options": [],
                    "allow_patch": [],
                    "allow_post": [],
                    "allow_put": [],
                    "allow_transfer_encoding": [],
                    "alt_svc_header": [],
                    "api_prioritization": [],
                    "application_load_balancer": [],
                    "audience_segmentation": [],
                    "auto_domain_validation": [],
                    "base_directory": [],
                    "boss_beaconing": [],
                    "breadcrumbs": [],
                    "break_connection": [],
                    "brotli": [],
                    "cache_error": [],
                    "cache_id": [],
                    "cache_key_ignore_case": [],
                    "cache_key_query_params": [],
                    "cache_key_rewrite": [],
                    "cache_post": [],
                    "cache_redirect": [],
                    "cache_tag": [],
                    "cache_tag_visible": [],
                    "caching": [],
                    "central_authorization": [],
                    "chase_redirects": [],
                    "client_certificate_auth": [],
                    "client_characteristics": [],
                    "cloud_interconnects": [],
                    "cloud_wrapper": [],
                    "cloud_wrapper_advanced": [],
                    "common_media_client_data": [],
                    "conditional_origin": [],
                    "construct_response": [],
                    "content_characteristics": [],
                    "content_characteristics_amd": [],
                    "content_characteristics_dd": [],
                    "content_characteristics_wsd_large_file": [],
                    "content_characteristics_wsd_live": [],
                    "content_characteristics_wsd_vod": [],
                    "content_pre_position": [],
                    "content_targeting_protection": [],
                    "cors_support": [],
                    "cp_code": [],
                    "custom_behavior": [],
                    "datastream": [],
                    "dcp": [],
                    "dcp_auth_hmac_transformation": [],
                    "dcp_auth_regex_transformation": [],
                    "dcp_auth_substring_transformation": [],
                    "dcp_auth_variable_extractor": [],
                    "dcp_default_authz_groups": [],
                    "dcp_dev_relations": [],
                    "dcp_real_time_auth": [],
                    "delivery_receipt": [],
                    "deny_access": [],
                    "deny_direct_failover_access": [],
                    "device_characteristic_cache_id": [],
                    "device_characteristic_header": [],
                    "dns_async_refresh": [],
                    "dns_prefresh": [],
                    "downgrade_protocol": [],
                    "download_complete_marker": [],
                    "download_notification": [],
                    "downstream_cache": [],
                    "dynamic_throughtput_optimization": [],
                    "dynamic_throughtput_optimization_override": [],
                    "dynamic_web_content": [],
                    "ecms_bulk_upload": [],
                    "ecms_database": [],
                    "ecms_dataset": [],
                    "ecms_object_key": [],
                    "edge_connect": [],
                    "edge_load_balancing_advanced": [],
                    "edge_load_balancing_data_center": [],
                    "edge_load_balancing_origin": [],
                    "edge_origin_authorization": [],
                    "edge_redirector": [],
                    "edge_scape": [],
                    "edge_side_includes": [],
                    "edge_worker": [],
                    "enforce_mtls_settings": [],
                    "enhanced_akamai_protocol": [],
                    "enhanced_proxy_detection": [],
                    "epd_forward_header_enrichment": [],
                    "fail_action": [],
                    "failover_bot_manager_feature_compatibility": [],
                    "fast_invalidate": [],
                    "fips": [],
                    "first_party_marketing": [],
                    "first_party_marketing_plus": [],
                    "forward_rewrite": [],
                    "g2oheader": [],
                    "global_request_number": [],
                    "graphql_caching": [],
                    "gzip_response": [],
                    "hd_data_advanced": [],
                    "health_detection": [],
                    "hsaf_eip_binding": [],
                    "http2": [],
                    "http3": [],
                    "http_strict_transport_security": [],
                    "http_to_https_upgrade": [],
                    "im_override": [],
                    "image_and_video_manager": [],
                    "image_manager": [],
                    "image_manager_video": [],
                    "include": [],
                    "instant": [],
                    "instant_config": [],
                    "large_file_optimization": [],
                    "large_file_optimization_advanced": [],
                    "limit_bit_rate": [],
                    "log_custom": [],
                    "m_pulse": [
                      {
                        "api_key": "9EY8D-YL765-QZV6K-NFA9S-JRUHN",
                        "buffer_size": "",
                        "config_override": "",
                        "enabled": true,
                        "loader_version": "V12",
                        "locked": false,
                        "require_pci": false,
                        "template_uuid": "",
                        "title_optional": "",
                        "uuid": ""
                      }
                    ],
                    "manifest_personalization": [],
                    "manifest_rerouting": [],
                    "manual_server_push": [],
                    "media_acceleration": [],
                    "media_acceleration_quic_optout": [],
                    "media_client": [],
                    "media_file_retrieval_optimization": [],
                    "media_origin_failover": [],
                    "metadata_caching": [],
                    "mobile_sdk_performance": [],
                    "modify_incoming_request_header": [],
                    "modify_incoming_response_header": [],
                    "modify_outgoing_request_header": [],
                    "modify_outgoing_response_header": [],
                    "modify_via_header": [],
                    "origin": [],
                    "origin_characteristics": [],
                    "origin_characteristics_wsd": [],
                    "origin_failure_recovery_method": [],
                    "origin_failure_recovery_policy": [],
                    "origin_ip_acl": [],
                    "permissions_policy": [],
                    "persistent_client_connection": [],
                    "persistent_connection": [],
                    "personally_identifiable_information": [],
                    "phased_release": [],
                    "preconnect": [],
                    "predictive_content_delivery": [],
                    "predictive_prefetching": [],
                    "prefetch": [],
                    "prefetchable": [],
                    "prefresh_cache": [],
                    "quality": [],
                    "quic_beta": [],
                    "random_seek": [],
                    "rapid": [],
                    "read_timeout": [],
                    "real_time_reporting": [],
                    "real_user_monitoring": [],
                    "redirect": [],
                    "redirectplus": [],
                    "referer_checking": [],
                    "remove_query_parameter": [],
                    "remove_vary": [],
                    "report": [],
                    "request_client_hints": [],
                    "request_control": [],
                    "request_type_marker": [],
                    "resource_optimizer": [],
                    "resource_optimizer_extended_compatibility": [],
                    "response_code": [],
                    "response_cookie": [],
                    "restrict_object_caching": [],
                    "return_cache_status": [],
                    "rewrite_url": [],
                    "rum_custom": [],
                    "saas_definitions": [],
                    "sales_force_commerce_cloud_client": [],
                    "sales_force_commerce_cloud_provider": [],
                    "sales_force_commerce_cloud_provider_host_header": [],
                    "save_post_dca_processing": [],
                    "schedule_invalidation": [],
                    "script_management": [],
                    "segmented_content_protection": [],
                    "segmented_media_optimization": [],
                    "segmented_media_streaming_prefetch": [],
                    "set_variable": [],
                    "simulate_error_code": [],
                    "site_shield": [],
                    "standard_tls_migration": [],
                    "standard_tls_migration_override": [],
                    "strict_header_parsing": [],
                    "sub_customer": [],
                    "sure_route": [],
                    "tcp_optimization": [],
                    "tea_leaf": [],
                    "tiered_distribution": [],
                    "tiered_distribution_advanced": [],
                    "tiered_distribution_customization": [],
                    "timeout": [],
                    "uid_configuration": [],
                    "validate_entity_tag": [],
                    "verify_json_web_token": [],
                    "verify_json_web_token_for_dcp": [],
                    "verify_token_authorization": [],
                    "virtual_waiting_room": [],
                    "virtual_waiting_room_with_edge_workers": [],
                    "visitor_prioritization": [],
                    "visitor_prioritization_fifo": [],
                    "visitor_prioritization_fifo_standalone": [],
                    "watermarking": [],
                    "web_application_firewall": [],
                    "web_sockets": [],
                    "webdav": []
                  }
                ],
                "children": [
                  "{\n  \"_ruleFormat_\": \"rules_v2024_01_09\",\n  \"rules\": {\n    \"behaviors\": [\n      {\n        \"name\": \"origin\",\n        \"options\": {\n          \"netStorage\": {\n            \"cpCode\": 320422,\n            \"downloadDomainName\": \"atf.download.akamai.com\"\n          },\n          \"originType\": \"NET_STORAGE\"\n        }\n      },\n      {\n        \"name\": \"caching\",\n        \"options\": {\n          \"behavior\": \"MAX_AGE\",\n          \"mustRevalidate\": false,\n          \"ttl\": \"10m\"\n        }\n      },\n      {\n        \"name\": \"rewriteUrl\",\n        \"options\": {\n          \"behavior\": \"REPLACE\",\n          \"keepQueryString\": true,\n          \"match\": \"/sandbox/\",\n          \"matchMultiple\": false,\n          \"targetPath\": \"/sfztest1/Archive/\"\n        }\n      }\n    ],\n    \"criteria\": [\n      {\n        \"name\": \"path\",\n        \"options\": {\n          \"matchCaseSensitive\": false,\n          \"matchOperator\": \"MATCHES_ONE_OF\",\n          \"normalize\": false,\n          \"values\": [\n            \"/sandbox/*\"\n          ]\n        }\n      }\n    ],\n    \"name\": \"/content/*\",\n    \"options\": {},\n    \"criteriaMustSatisfy\": \"all\"\n  }\n}",
                  "{\n  \"_ruleFormat_\": \"rules_v2024_01_09\",\n  \"rules\": {\n    \"behaviors\": [\n      {\n        \"name\": \"simulateErrorCode\",\n        \"options\": {\n          \"errorType\": \"ERR_CONNECT_FAIL\"\n        }\n      }\n    ],\n    \"criteria\": [\n      {\n        \"name\": \"requestHeader\",\n        \"options\": {\n          \"headerName\": \"breakconnection\",\n          \"matchCaseSensitiveValue\": true,\n          \"matchOperator\": \"IS_ONE_OF\",\n          \"matchWildcardName\": false,\n          \"matchWildcardValue\": false,\n          \"values\": [\n            \"true\"\n          ]\n        }\n      }\n    ],\n    \"name\": \"Break connection\",\n    \"options\": {},\n    \"criteriaMustSatisfy\": \"all\"\n  }\n}",
                  "{\n  \"_ruleFormat_\": \"rules_v2024_01_09\",\n  \"rules\": {\n    \"behaviors\": [\n      {\n        \"name\": \"advanced\",\n        \"options\": {\n          \"description\": \"Response Header X-Ref-Error\",\n          \"xml\": \"\\u003cedgeservices:modify-outgoing-response.add-error-reference-header\\u003eon\\u003c/edgeservices:modify-outgoing-response.add-error-reference-header\\u003e\"\n        },\n        \"uuid\": \"f3d666cf-77e7-4b27-abfe-d48530a04bc1\"\n      },\n      {\n        \"name\": \"globalRequestNumber\",\n        \"options\": {\n          \"headerName\": \"Akamai-GRN\",\n          \"outputOption\": \"RESPONSE_HEADER\"\n        }\n      }\n    ],\n    \"name\": \"Reference Error\",\n    \"options\": {},\n    \"uuid\": \"cbfae6c1-ff6d-4fc0-b75a-3fa4937c4fde\",\n    \"criteriaMustSatisfy\": \"any\"\n  }\n}",
                  "{\n  \"_ruleFormat_\": \"rules_v2024_01_09\",\n  \"rules\": {\n    \"behaviors\": [\n      {\n        \"name\": \"caching\",\n        \"options\": {\n          \"behavior\": \"CACHE_CONTROL\",\n          \"cacheControlDirectives\": \"\",\n          \"defaultTtl\": \"1h\",\n          \"enhancedRfcSupport\": false,\n          \"honorMustRevalidate\": false,\n          \"honorPrivate\": false,\n          \"mustRevalidate\": false\n        }\n      }\n    ],\n    \"children\": [\n      {\n        \"behaviors\": [\n          {\n            \"name\": \"advanced\",\n            \"options\": {\n              \"description\": \"Caching for 200 OK\",\n              \"xml\": \"\\u003cmatch:response.status value=\\\"200\\\" result=\\\"true\\\"\\u003e\\n    \\u003cedgeservices:modify-incoming-response.add-header\\u003e\\n        \\u003cstatus\\u003eon\\u003c/status\\u003e\\n        \\u003cname\\u003ecache-control\\u003c/name\\u003e\\n        \\u003cvalue\\u003emax-age=31536000\\u003c/value\\u003e\\n    \\u003c/edgeservices:modify-incoming-response.add-header\\u003e\\n\\u003c/match:response.status\\u003e\"\n            },\n            \"uuid\": \"2d0529c3-8d2b-4bf4-a5ef-abb3bba45f1a\"\n          }\n        ],\n        \"name\": \"200OK\",\n        \"options\": {},\n        \"uuid\": \"4b4fd63b-753d-42ab-a0fa-58698ab1a321\",\n        \"criteriaMustSatisfy\": \"all\"\n      }\n    ],\n    \"name\": \"Caching\",\n    \"options\": {},\n    \"uuid\": \"e388511d-29ee-435b-981c-00fb34ea1d35\",\n    \"criteriaMustSatisfy\": \"all\"\n  }\n}"
                ],
                "comments": "The Default Rule template contains all the necessary and recommended behaviors. Rules are evaluated from top to bottom and the last matching rule wins.",
                "criteria_locked": false,
                "criteria_must_satisfy": "",
                "criterion": [],
                "custom_override": [],
                "is_secure": true,
                "name": "default",
                "template_link": "",
                "template_uuid": "",
                "uuid": "default",
                "variable": [
                  {
                    "description": "",
                    "hidden": false,
                    "name": "PMUSER_JA3_FINGERPRINT",
                    "sensitive": false,
                    "value": ""
                  },
                  {
                    "description": "",
                    "hidden": false,
                    "name": "PMUSER_TLS_CLIENT_HELLO",
                    "sensitive": false,
                    "value": ""
                  },
                  {
                    "description": "",
                    "hidden": false,
                    "name": "PMUSER_REF_ERROR",
                    "sensitive": false,
                    "value": ""
                  },
                  {
                    "description": "",
                    "hidden": false,
                    "name": "PMUSER_X_REFERENCE_NO",
                    "sensitive": false,
                    "value": ""
                  }
                ]
              }
            ],
            "rules_v2024_02_12": null,
            "rules_v2024_05_31": null,
            "rules_v2024_08_13": null,
            "rules_v2024_10_21": null,
            "rules_v2025_01_13": null,
            "rules_v2025_02_18": null,
            "rules_v2025_03_24": null,
            "rules_v2025_04_29": null,
            "rules_v2025_05_30": null,
            "rules_v2025_07_07": null,
            "rules_v2025_09_09": null,
            "rules_v2025_10_16": null
          },
          "sensitive_attributes": [],
          "identity_schema_version": 0
        }
      ]
    },
    {
      "mode": "data",
      "type": "akamai_property_rules_builder",
      "name": "property_name_rule_reference_error",
      "provider": "provider[\"registry.terraform.io/akamai/akamai\"]",
      "instances": [
        {
          "schema_version": 0,
          "attributes": {
            "id": "f03b5e7ed41930ba8f90066e1acfa463",
            "json": "{\n  \"_ruleFormat_\": \"rules_v2024_01_09\",\n  \"rules\": {\n    \"behaviors\": [\n      {\n        \"name\": \"advanced\",\n        \"options\": {\n          \"description\": \"Response Header X-Ref-Error\",\n          \"xml\": \"\\u003cedgeservices:modify-outgoing-response.add-error-reference-header\\u003eon\\u003c/edgeservices:modify-outgoing-response.add-error-reference-header\\u003e\"\n        },\n        \"uuid\": \"f3d666cf-77e7-4b27-abfe-d48530a04bc1\"\n      },\n      {\n        \"name\": \"globalRequestNumber\",\n        \"options\": {\n          \"headerName\": \"Akamai-GRN\",\n          \"outputOption\": \"RESPONSE_HEADER\"\n        }\n      }\n    ],\n    \"name\": \"Reference Error\",\n    \"options\": {},\n    \"uuid\": \"cbfae6c1-ff6d-4fc0-b75a-3fa4937c4fde\",\n    \"criteriaMustSatisfy\": \"any\"\n  }\n}",
            "rule_format": "v2024-01-09",
            "rules_v2023_01_05": null,
            "rules_v2023_05_30": null,
            "rules_v2023_09_20": null,
            "rules_v2023_10_30": null,
            "rules_v2024_01_09": [
              {
                "advanced_override": "",
                "behavior": [
                  {
                    "ad_scaler_circuit_breaker": [],
                    "adaptive_acceleration": [],
                    "adaptive_image_compression": [],
                    "advanced": [
                      {
                        "description": "Response Header X-Ref-Error",
                        "locked": false,
                        "template_uuid": "",
                        "uuid": "f3d666cf-77e7-4b27-abfe-d48530a04bc1",
                        "xml": "\u003cedgeservices:modify-outgoing-response.add-error-reference-header\u003eon\u003c/edgeservices:modify-outgoing-response.add-error-reference-header\u003e"
                      }
                    ],
                    "aggregated_reporting": [],
                    "akamaizer": [],
                    "akamaizer_tag": [],
                    "all_http_in_cache_hierarchy": [],
                    "allow_cloudlets_origins": [],
                    "allow_delete": [],
                    "allow_https_cache_key_sharing": [],
                    "allow_https_downgrade": [],
                    "allow_options": [],
                    "allow_patch": [],
                    "allow_post": [],
                    "allow_put": [],
                    "allow_transfer_encoding": [],
                    "alt_svc_header": [],
                    "api_prioritization": [],
                    "application_load_balancer": [],
                    "audience_segmentation": [],
                    "auto_domain_validation": [],
                    "base_directory": [],
                    "boss_beaconing": [],
                    "breadcrumbs": [],
                    "break_connection": [],
                    "brotli": [],
                    "cache_error": [],
                    "cache_id": [],
                    "cache_key_ignore_case": [],
                    "cache_key_query_params": [],
                    "cache_key_rewrite": [],
                    "cache_post": [],
                    "cache_redirect": [],
                    "cache_tag": [],
                    "cache_tag_visible": [],
                    "caching": [],
                    "central_authorization": [],
                    "chase_redirects": [],
                    "client_certificate_auth": [],
                    "client_characteristics": [],
                    "cloud_interconnects": [],
                    "cloud_wrapper": [],
                    "cloud_wrapper_advanced": [],
                    "common_media_client_data": [],
                    "conditional_origin": [],
                    "construct_response": [],
                    "content_characteristics": [],
                    "content_characteristics_amd": [],
                    "content_characteristics_dd": [],
                    "content_characteristics_wsd_large_file": [],
                    "content_characteristics_wsd_live": [],
                    "content_characteristics_wsd_vod": [],
                    "content_pre_position": [],
                    "content_targeting_protection": [],
                    "cors_support": [],
                    "cp_code": [],
                    "custom_behavior": [],
                    "datastream": [],
                    "dcp": [],
                    "dcp_auth_hmac_transformation": [],
                    "dcp_auth_regex_transformation": [],
                    "dcp_auth_substring_transformation": [],
                    "dcp_auth_variable_extractor": [],
                    "dcp_default_authz_groups": [],
                    "dcp_dev_relations": [],
                    "dcp_real_time_auth": [],
                    "delivery_receipt": [],
                    "deny_access": [],
                    "deny_direct_failover_access": [],
                    "device_characteristic_cache_id": [],
                    "device_characteristic_header": [],
                    "dns_async_refresh": [],
                    "dns_prefresh": [],
                    "downgrade_protocol": [],
                    "download_complete_marker": [],
                    "download_notification": [],
                    "downstream_cache": [],
                    "dynamic_throughtput_optimization": [],
                    "dynamic_throughtput_optimization_override": [],
                    "dynamic_web_content": [],
                    "ecms_bulk_upload": [],
                    "ecms_database": [],
                    "ecms_dataset": [],
                    "ecms_object_key": [],
                    "edge_connect": [],
                    "edge_load_balancing_advanced": [],
                    "edge_load_balancing_data_center": [],
                    "edge_load_balancing_origin": [],
                    "edge_origin_authorization": [],
                    "edge_redirector": [],
                    "edge_scape": [],
                    "edge_side_includes": [],
                    "edge_worker": [],
                    "enforce_mtls_settings": [],
                    "enhanced_akamai_protocol": [],
                    "enhanced_proxy_detection": [],
                    "epd_forward_header_enrichment": [],
                    "fail_action": [],
                    "failover_bot_manager_feature_compatibility": [],
                    "fast_invalidate": [],
                    "fips": [],
                    "first_party_marketing": [],
                    "first_party_marketing_plus": [],
                    "forward_rewrite": [],
                    "g2oheader": [],
                    "global_request_number": [],
                    "graphql_caching": [],
                    "gzip_response": [],
                    "hd_data_advanced": [],
                    "health_detection": [],
                    "hsaf_eip_binding": [],
                    "http2": [],
                    "http3": [],
                    "http_strict_transport_security": [],
                    "http_to_https_upgrade": [],
                    "im_override": [],
                    "image_and_video_manager": [],
                    "image_manager": [],
                    "image_manager_video": [],
                    "include": [],
                    "instant": [],
                    "instant_config": [],
                    "large_file_optimization": [],
                    "large_file_optimization_advanced": [],
                    "limit_bit_rate": [],
                    "log_custom": [],
                    "m_pulse": [],
                    "manifest_personalization": [],
                    "manifest_rerouting": [],
                    "manual_server_push": [],
                    "media_acceleration": [],
                    "media_acceleration_quic_optout": [],
                    "media_client": [],
                    "media_file_retrieval_optimization": [],
                    "media_origin_failover": [],
                    "metadata_caching": [],
                    "mobile_sdk_performance": [],
                    "modify_incoming_request_header": [],
                    "modify_incoming_response_header": [],
                    "modify_outgoing_request_header": [],
                    "modify_outgoing_response_header": [],
                    "modify_via_header": [],
                    "origin": [],
                    "origin_characteristics": [],
                    "origin_characteristics_wsd": [],
                    "origin_failure_recovery_method": [],
                    "origin_failure_recovery_policy": [],
                    "origin_ip_acl": [],
                    "permissions_policy": [],
                    "persistent_client_connection": [],
                    "persistent_connection": [],
                    "personally_identifiable_information": [],
                    "phased_release": [],
                    "preconnect": [],
                    "predictive_content_delivery": [],
                    "predictive_prefetching": [],
                    "prefetch": [],
                    "prefetchable": [],
                    "prefresh_cache": [],
                    "quality": [],
                    "quic_beta": [],
                    "random_seek": [],
                    "rapid": [],
                    "read_timeout": [],
                    "real_time_reporting": [],
                    "real_user_monitoring": [],
                    "redirect": [],
                    "redirectplus": [],
                    "referer_checking": [],
                    "remove_query_parameter": [],
                    "remove_vary": [],
                    "report": [],
                    "request_client_hints": [],
                    "request_control": [],
                    "request_type_marker": [],
                    "resource_optimizer": [],
                    "resource_optimizer_extended_compatibility": [],
                    "response_code": [],
                    "response_cookie": [],
                    "restrict_object_caching": [],
                    "return_cache_status": [],
                    "rewrite_url": [],
                    "rum_custom": [],
                    "saas_definitions": [],
                    "sales_force_commerce_cloud_client": [],
                    "sales_force_commerce_cloud_provider": [],
                    "sales_force_commerce_cloud_provider_host_header": [],
                    "save_post_dca_processing": [],
                    "schedule_invalidation": [],
                    "script_management": [],
                    "segmented_content_protection": [],
                    "segmented_media_optimization": [],
                    "segmented_media_streaming_prefetch": [],
                    "set_variable": [],
                    "simulate_error_code": [],
                    "site_shield": [],
                    "standard_tls_migration": [],
                    "standard_tls_migration_override": [],
                    "strict_header_parsing": [],
                    "sub_customer": [],
                    "sure_route": [],
                    "tcp_optimization": [],
                    "tea_leaf": [],
                    "tiered_distribution": [],
                    "tiered_distribution_advanced": [],
                    "tiered_distribution_customization": [],
                    "timeout": [],
                    "uid_configuration": [],
                    "validate_entity_tag": [],
                    "verify_json_web_token": [],
                    "verify_json_web_token_for_dcp": [],
                    "verify_token_authorization": [],
                    "virtual_waiting_room": [],
                    "virtual_waiting_room_with_edge_workers": [],
                    "visitor_prioritization": [],
                    "visitor_prioritization_fifo": [],
                    "visitor_prioritization_fifo_standalone": [],
                    "watermarking": [],
                    "web_application_firewall": [],
                    "web_sockets": [],
                    "webdav": []
                  },
                  {
                    "ad_scaler_circuit_breaker": [],
                    "adaptive_acceleration": [],
                    "adaptive_image_compression": [],
                    "advanced": [],
                    "aggregated_reporting": [],
                    "akamaizer": [],
                    "akamaizer_tag": [],
                    "all_http_in_cache_hierarchy": [],
                    "allow_cloudlets_origins": [],
                    "allow_delete": [],
                    "allow_https_cache_key_sharing": [],
                    "allow_https_downgrade": [],
                    "allow_options": [],
                    "allow_patch": [],
                    "allow_post": [],
                    "allow_put": [],
                    "allow_transfer_encoding": [],
                    "alt_svc_header": [],
                    "api_prioritization": [],
                    "application_load_balancer": [],
                    "audience_segmentation": [],
                    "auto_domain_validation": [],
                    "base_directory": [],
                    "boss_beaconing": [],
                    "breadcrumbs": [],
                    "break_connection": [],
                    "brotli": [],
                    "cache_error": [],
                    "cache_id": [],
                    "cache_key_ignore_case": [],
                    "cache_key_query_params": [],
                    "cache_key_rewrite": [],
                    "cache_post": [],
                    "cache_redirect": [],
                    "cache_tag": [],
                    "cache_tag_visible": [],
                    "caching": [],
                    "central_authorization": [],
                    "chase_redirects": [],
                    "client_certificate_auth": [],
                    "client_characteristics": [],
                    "cloud_interconnects": [],
                    "cloud_wrapper": [],
                    "cloud_wrapper_advanced": [],
                    "common_media_client_data": [],
                    "conditional_origin": [],
                    "construct_response": [],
                    "content_characteristics": [],
                    "content_characteristics_amd": [],
                    "content_characteristics_dd": [],
                    "content_characteristics_wsd_large_file": [],
                    "content_characteristics_wsd_live": [],
                    "content_characteristics_wsd_vod": [],
                    "content_pre_position": [],
                    "content_targeting_protection": [],
                    "cors_support": [],
                    "cp_code": [],
                    "custom_behavior": [],
                    "datastream": [],
                    "dcp": [],
                    "dcp_auth_hmac_transformation": [],
                    "dcp_auth_regex_transformation": [],
                    "dcp_auth_substring_transformation": [],
                    "dcp_auth_variable_extractor": [],
                    "dcp_default_authz_groups": [],
                    "dcp_dev_relations": [],
                    "dcp_real_time_auth": [],
                    "delivery_receipt": [],
                    "deny_access": [],
                    "deny_direct_failover_access": [],
                    "device_characteristic_cache_id": [],
                    "device_characteristic_header": [],
                    "dns_async_refresh": [],
                    "dns_prefresh": [],
                    "downgrade_protocol": [],
                    "download_complete_marker": [],
                    "download_notification": [],
                    "downstream_cache": [],
                    "dynamic_throughtput_optimization": [],
                    "dynamic_throughtput_optimization_override": [],
                    "dynamic_web_content": [],
                    "ecms_bulk_upload": [],
                    "ecms_database": [],
                    "ecms_dataset": [],
                    "ecms_object_key": [],
                    "edge_connect": [],
                    "edge_load_balancing_advanced": [],
                    "edge_load_balancing_data_center": [],
                    "edge_load_balancing_origin": [],
                    "edge_origin_authorization": [],
                    "edge_redirector": [],
                    "edge_scape": [],
                    "edge_side_includes": [],
                    "edge_worker": [],
                    "enforce_mtls_settings": [],
                    "enhanced_akamai_protocol": [],
                    "enhanced_proxy_detection": [],
                    "epd_forward_header_enrichment": [],
                    "fail_action": [],
                    "failover_bot_manager_feature_compatibility": [],
                    "fast_invalidate": [],
                    "fips": [],
                    "first_party_marketing": [],
                    "first_party_marketing_plus": [],
                    "forward_rewrite": [],
                    "g2oheader": [],
                    "global_request_number": [
                      {
                        "header_name": "Akamai-GRN",
                        "locked": false,
                        "output_option": "RESPONSE_HEADER",
                        "template_uuid": "",
                        "uuid": "",
                        "variable_name": ""
                      }
                    ],
                    "graphql_caching": [],
                    "gzip_response": [],
                    "hd_data_advanced": [],
                    "health_detection": [],
                    "hsaf_eip_binding": [],
                    "http2": [],
                    "http3": [],
                    "http_strict_transport_security": [],
                    "http_to_https_upgrade": [],
                    "im_override": [],
                    "image_and_video_manager": [],
                    "image_manager": [],
                    "image_manager_video": [],
                    "include": [],
                    "instant": [],
                    "instant_config": [],
                    "large_file_optimization": [],
                    "large_file_optimization_advanced": [],
                    "limit_bit_rate": [],
                    "log_custom": [],
                    "m_pulse": [],
                    "manifest_personalization": [],
                    "manifest_rerouting": [],
                    "manual_server_push": [],
                    "media_acceleration": [],
                    "media_acceleration_quic_optout": [],
                    "media_client": [],
                    "media_file_retrieval_optimization": [],
                    "media_origin_failover": [],
                    "metadata_caching": [],
                    "mobile_sdk_performance": [],
                    "modify_incoming_request_header": [],
                    "modify_incoming_response_header": [],
                    "modify_outgoing_request_header": [],
                    "modify_outgoing_response_header": [],
                    "modify_via_header": [],
                    "origin": [],
                    "origin_characteristics": [],
                    "origin_characteristics_wsd": [],
                    "origin_failure_recovery_method": [],
                    "origin_failure_recovery_policy": [],
                    "origin_ip_acl": [],
                    "permissions_policy": [],
                    "persistent_client_connection": [],
                    "persistent_connection": [],
                    "personally_identifiable_information": [],
                    "phased_release": [],
                    "preconnect": [],
                    "predictive_content_delivery": [],
                    "predictive_prefetching": [],
                    "prefetch": [],
                    "prefetchable": [],
                    "prefresh_cache": [],
                    "quality": [],
                    "quic_beta": [],
                    "random_seek": [],
                    "rapid": [],
                    "read_timeout": [],
                    "real_time_reporting": [],
                    "real_user_monitoring": [],
                    "redirect": [],
                    "redirectplus": [],
                    "referer_checking": [],
                    "remove_query_parameter": [],
                    "remove_vary": [],
                    "report": [],
                    "request_client_hints": [],
                    "request_control": [],
                    "request_type_marker": [],
                    "resource_optimizer": [],
                    "resource_optimizer_extended_compatibility": [],
                    "response_code": [],
                    "response_cookie": [],
                    "restrict_object_caching": [],
                    "return_cache_status": [],
                    "rewrite_url": [],
                    "rum_custom": [],
                    "saas_definitions": [],
                    "sales_force_commerce_cloud_client": [],
                    "sales_force_commerce_cloud_provider": [],
                    "sales_force_commerce_cloud_provider_host_header": [],
                    "save_post_dca_processing": [],
                    "schedule_invalidation": [],
                    "script_management": [],
                    "segmented_content_protection": [],
                    "segmented_media_optimization": [],
                    "segmented_media_streaming_prefetch": [],
                    "set_variable": [],
                    "simulate_error_code": [],
                    "site_shield": [],
                    "standard_tls_migration": [],
                    "standard_tls_migration_override": [],
                    "strict_header_parsing": [],
                    "sub_customer": [],
                    "sure_route": [],
                    "tcp_optimization": [],
                    "tea_leaf": [],
                    "tiered_distribution": [],
                    "tiered_distribution_advanced": [],
                    "tiered_distribution_customization": [],
                    "timeout": [],
                    "uid_configuration": [],
                    "validate_entity_tag": [],
                    "verify_json_web_token": [],
                    "verify_json_web_token_for_dcp": [],
                    "verify_token_authorization": [],
                    "virtual_waiting_room": [],
                    "virtual_waiting_room_with_edge_workers": [],
                    "visitor_prioritization": [],
                    "visitor_prioritization_fifo": [],
                    "visitor_prioritization_fifo_standalone": [],
                    "watermarking": [],
                    "web_application_firewall": [],
                    "web_sockets": [],
                    "webdav": []
                  }
                ],
                "children": [],
                "comments": "",
                "criteria_locked": false,
                "criteria_must_satisfy": "any",
                "criterion": [],
                "custom_override": [],
                "is_secure": false,
                "name": "Reference Error",
                "template_link": "",
                "template_uuid": "",
                "uuid": "cbfae6c1-ff6d-4fc0-b75a-3fa4937c4fde",
                "variable": []
              }
            ],
            "rules_v2024_02_12": null,
            "rules_v2024_05_31": null,
            "rules_v2024_08_13": null,
            "rules_v2024_10_21": null,
            "rules_v2025_01_13": null,
            "rules_v2025_02_18": null,
            "rules_v2025_03_24": null,
            "rules_v2025_04_29": null,
            "rules_v2025_05_30": null,
            "rules_v2025_07_07": null,
            "rules_v2025_09_09": null,
            "rules_v2025_10_16": null
          },
          "sensitive_attributes": [],
          "identity_schema_version": 0
        }
      ]
    },
    {
      "mode": "managed",
      "type": "akamai_dns_record",
      "name": "tf_demo_dns_validation",
      "provider": "provider[\"registry.terraform.io/akamai/akamai\"]",
      "instances": [
        {
          "index_key": "test.virajterra.gsslab.com",
          "schema_version": 0,
          "attributes": {
            "algorithm": null,
            "answer_type": null,
            "certificate": null,
            "digest": null,
            "digest_type": null,
            "dns_name": null,
            "email_address": null,
            "expiration": null,
            "expiry": null,
            "fingerprint": null,
            "fingerprint_type": null,
            "flags": null,
            "flagsnaptr": null,
            "hardware": null,
            "id": "virajterra.gsslab.com#_acme-challenge.test.virajterra.gsslab.com#CNAME",
            "inception": null,
            "iterations": null,
            "key": null,
            "keytag": null,
            "labels": null,
            "mailbox": null,
            "match_type": null,
            "name": "_acme-challenge.test.virajterra.gsslab.com",
            "name_server": null,
            "next_hashed_owner_name": null,
            "nxdomain_ttl": null,
            "order": null,
            "original_ttl": null,
            "port": null,
            "preference": null,
            "priority": null,
            "priority_increment": null,
            "protocol": null,
            "record_sha": "9c1e34e3bec8b0c70b68b3c1ec34772a337bcbbe",
            "recordtype": "CNAME",
            "refresh": null,
            "regexp": null,
            "replacement": null,
            "retry": null,
            "salt": null,
            "selector": null,
            "serial": null,
            "service": null,
            "signature": null,
            "signer": null,
            "software": null,
            "subtype": null,
            "svc_params": null,
            "svc_priority": null,
            "target": [
              "ac.f6930d311114ca1ae75333f3139d8c01.test.virajterra.gsslab.com.validate-akdv.net."
            ],
            "target_name": null,
            "ttl": 60,
            "txt": null,
            "type_bitmaps": null,
            "type_covered": null,
            "type_mnemonic": null,
            "type_value": null,
            "usage": null,
            "weight": null,
            "zone": "virajterra.gsslab.com"
          },
          "sensitive_attributes": [],
          "identity_schema_version": 0,
          "private": "bnVsbA==",
          "dependencies": [
            "akamai_property.property_name",
            "data.akamai_property_hostnames.tf_demo_hostnames",
            "data.akamai_property_rules_builder.property_name_rule_-content--",
            "data.akamai_property_rules_builder.property_name_rule_200_ok",
            "data.akamai_property_rules_builder.property_name_rule_break_connection",
            "data.akamai_property_rules_builder.property_name_rule_caching",
            "data.akamai_property_rules_builder.property_name_rule_default",
            "data.akamai_property_rules_builder.property_name_rule_reference_error"
          ]
        }
      ]
    },
    {
      "mode": "managed",
      "type": "akamai_property",
      "name": "property_name",
      "provider": "provider[\"registry.terraform.io/akamai/akamai\"]",
      "instances": [
        {
          "schema_version": 1,
          "attributes": {
            "asset_id": "aid_11582733",
            "contract_id": "ctr_1-1NC95D",
            "group_id": "grp_241797",
            "hostnames": [
              {
                "ccm_cert_status": [],
                "ccm_certificates": [],
                "cert_provisioning_type": "DEFAULT",
                "cert_status": [
                  {
                    "hostname": "_acme-challenge.test.virajterra.gsslab.com",
                    "production_status": "PENDING",
                    "staging_status": "PENDING",
                    "target": "ac.f6930d311114ca1ae75333f3139d8c01.test.virajterra.gsslab.com.validate-akdv.net"
                  }
                ],
                "cname_from": "test.virajterra.gsslab.com",
                "cname_to": "test.virajterra.gsslab.com.edgesuite.net",
                "cname_type": "EDGE_HOSTNAME",
                "edge_hostname_id": "ehn_6078195"
              }
            ],
            "id": "prp_1291915",
            "latest_version": 2,
            "name": "Viraj_Terra_Lab_2025",
            "product_id": "prd_Fresca",
            "production_version": 0,
            "property_id": null,
            "read_version": 0,
            "rule_errors": [],
            "rule_format": "v2024-01-09",
            "rule_warnings": [
              {
                "behavior_name": "",
                "detail": "Using an IP address for the `Origin Server` is not recommended. IP addresses may be changed or reassigned without notice which can severely impact your property or cause a DoS. Please use a properly formatted hostname instead.",
                "error_location": "#/rules/behaviors/0",
                "instance": "",
                "status_code": 0,
                "title": "",
                "type": "https://problems.luna.akamaiapis.net/papi/v0/validation/validation_message.ip_address_origin"
              },
              {
                "behavior_name": "",
                "detail": "If you are changing your `Origin Server` SSL Certificate Verification settings it is strongly recommended that you test on Staging before activating on Production. Failure to test on Staging may result in a service outage.",
                "error_location": "#/rules/behaviors/0",
                "instance": "",
                "status_code": 0,
                "title": "",
                "type": "https://problems.luna.akamaiapis.net/papi/v0/validation/validation_message.ssl_custom_warning_test_staging"
              },
              {
                "behavior_name": "",
                "detail": "The `Origin Server` behavior is set to allow clients to set the True Client IP header. This means that the value sent to the origin server might not be the IP that the end user connected to the edge server with. This is useful for testing, but might allow users to bypass IP-based restrictions on your origin server if they rely on True-Client-IP.",
                "error_location": "#/rules/behaviors/0",
                "instance": "",
                "status_code": 0,
                "title": "",
                "type": "https://problems.luna.akamaiapis.net/papi/v0/validation/validation_message.tcip_allow_clients_to_set_on"
              },
              {
                "behavior_name": "",
                "detail": "For NetStorage `Origin Server`, Cache Key Query Parameters needs to be set to IGNORE_ALL. NetStorage doesn't honor query strings, so it should be set to avoid duplicate cache keys for the same object.",
                "error_location": "#/rules/children/0/behaviors/0",
                "instance": "",
                "status_code": 0,
                "title": "",
                "type": "https://problems.luna.akamaiapis.net/papi/v0/validation/need_feature"
              },
              {
                "behavior_name": "",
                "detail": "When your `Origin Server` is set to NetStorage, enable Cache HTTP Error Responses with a TTL of at least 30 seconds.",
                "error_location": "#/rules/children/0/behaviors/0",
                "instance": "",
                "status_code": 0,
                "title": "",
                "type": "https://problems.luna.akamaiapis.net/papi/v0/validation/need_feature"
              },
              {
                "behavior_name": "",
                "detail": "NetStorage `Origin Server` ignores the query parameters forwarded to it. You should set the \u0026quot;Keep the query parameters\u0026quot; option in `Modify Outgoing Request Path` to \u0026quot;No\u0026quot;. This will enhance the cacheability and offload.",
                "error_location": "#/rules/children/0/behaviors/2",
                "instance": "",
                "status_code": 0,
                "title": "",
                "type": "https://problems.luna.akamaiapis.net/papi/v0/validation/incompatible_features"
              }
            ],
            "rules": "{\"comments\":\"Testing SBD\",\"rules\":{\"behaviors\":[{\"name\":\"origin\",\"options\":{\"cacheKeyHostname\":\"ORIGIN_HOSTNAME\",\"compress\":true,\"customCertificateAuthorities\":[],\"customCertificates\":[{\"canBeCA\":false,\"canBeLeaf\":false,\"issuerRDNs\":{\"C\":\"US\",\"CN\":\"flexorigin\",\"O\":\"xap\",\"OU\":\"devel\"},\"notAfter\":2005069037000,\"notBefore\":1689709037000,\"pemEncodedCert\":\"-----BEGIN CERTIFICATE-----\\nMIID2TCCAsGgAwIBAgIUaX0dObHvowk3z8Txu0tqIneSql0wDQYJKoZIhvcNAQEL\\nBQAwfDELMAkGA1UEBhMCVVMxDzANBgNVBAgMBk9yZWdvbjENMAsGA1UEBwwEQmVu\\nZDEMMAoGA1UECgwDeGFwMQ4wDAYDVQQLDAVkZXZlbDETMBEGA1UEAwwKZmxleG9y\\naWdpbjEaMBgGCSqGSIb3DQEJARYLZm9AdGVzdC5uZXQwHhcNMjMwNzE4MTkzNzE3\\nWhcNMzMwNzE1MTkzNzE3WjB8MQswCQYDVQQGEwJVUzEPMA0GA1UECAwGT3JlZ29u\\nMQ0wCwYDVQQHDARCZW5kMQwwCgYDVQQKDAN4YXAxDjAMBgNVBAsMBWRldmVsMRMw\\nEQYDVQQDDApmbGV4b3JpZ2luMRowGAYJKoZIhvcNAQkBFgtmb0B0ZXN0Lm5ldDCC\\nASIwDQYJKoZIhvcNAQEBBQADggEPADCCAQoCggEBAJhEW51UYxj+tiIgkO55agN0\\nuksJGaUUyI27wEAE7QOa/W1bIPjBrRTXxKCbFpwRx/LysPSIWuOyLAOBBADTokre\\nNUG7mcKp+fMAwNeK1wBfQsOT+FJ6BkdujjzgNmSJNW/OwZU3Et6v/jccWN7JKHR4\\nPiCFoSPiS80kgkntVDqhMdTOpc5jsfQA3BSfCnEKvkZP1ATjIZ1dPH+pIGhes+D/\\nO5b0eBW5I1LrFSM5NywLofBoLdSrEqPYiY6ub/oP4+hJ2t/1vEo02PgJVfGJpsqH\\nyuSSVniuijVSwLX5PB2WcjzAUD1trSmVovc6Rbc4qdUmQgMEjNySyMsRjAqL+TEC\\nAwEAAaNTMFEwHQYDVR0OBBYEFL9j71SmBJ0beZLjRvUOv3mBFz7YMB8GA1UdIwQY\\nMBaAFL9j71SmBJ0beZLjRvUOv3mBFz7YMA8GA1UdEwEB/wQFMAMBAf8wDQYJKoZI\\nhvcNAQELBQADggEBAGjVuwVAF7KFQArk4sm/Ong0Qx61xN6ZAYco3Z3nw0zqYoDe\\nE0Diw82hSYgrzD/XJG5FvH7hvt/i2cv+ltBKFAqo17t7qrbv3OlWC/gCXIitQ/O/\\n+jYtiog25TwUDI1AT9x7xOhjBQuxUdhVLlQEG1iGuP9KFfxwt9Cm0gyraiogy3Zt\\nYYvenUp1R9c7uAql4S+K+30e4sSwnC3CJkMhgCIhVljZDC6FuqT2CiKgvhd/JIxj\\nR7TM383HwXBqRjzSUBKGqJSvJ62Un8qVLtWT22z6bbtPWO6Gih/fRhuNtnlnxnG8\\nIrjERcUCREalN7GmW37sXGfjmKUSEc8qJar6giQ=\\n-----END CERTIFICATE-----\\n\",\"publicKey\":\"MIIBIjANBgkqhkiG9w0BAQEFAAOCAQ8AMIIBCgKCAQEAmERbnVRjGP62IiCQ7nlqA3S6SwkZpRTIjbvAQATtA5r9bVsg+MGtFNfEoJsWnBHH8vKw9Iha47IsA4EEANOiSt41QbuZwqn58wDA14rXAF9Cw5P4UnoGR26OPOA2ZIk1b87BlTcS3q/+NxxY3skodHg+IIWhI+JLzSSCSe1UOqEx1M6lzmOx9ADcFJ8KcQq+Rk/UBOMhnV08f6kgaF6z4P87lvR4FbkjUusVIzk3LAuh8Ggt1KsSo9iJjq5v+g/j6Ena3/W8SjTY+AlV8YmmyofK5JJWeK6KNVLAtfk8HZZyPMBQPW2tKZWi9zpFtzip1SZCAwSM3JLIyxGMCov5MQIDAQAB\",\"publicKeyAlgorithm\":\"RSA\",\"publicKeyFormat\":\"X.509\",\"selfSigned\":true,\"serialNumber\":\"602234169975224034444028885843984148201255119453\",\"sha1Fingerprint\":\"41d2adf3988c5ced592dd8bd7ed7d75655a5e232\",\"sigAlgName\":\"SHA256withRSA\",\"subjectAlternativeNames\":[],\"subjectCN\":\"flexorigin\",\"subjectRDNs\":{\"C\":\"US\",\"CN\":\"flexorigin\",\"O\":\"xap\",\"OU\":\"devel\"},\"version\":3}],\"customValidCnValues\":[\"{{Origin Hostname}}\",\"{{Forward Host Header}}\",\"flexorigin\"],\"enableTrueClientIp\":true,\"forwardHostHeader\":\"REQUEST_HOST_HEADER\",\"hostname\":\"170.187.181.126\",\"httpPort\":80,\"httpsPort\":443,\"ipVersion\":\"IPV4\",\"minTlsVersion\":\"DYNAMIC\",\"originCertificate\":\"\",\"originCertsToHonor\":\"COMBO\",\"originSni\":true,\"originType\":\"CUSTOMER\",\"ports\":\"\",\"standardCertificateAuthorities\":[\"akamai-permissive\"],\"tlsVersionTitle\":\"\",\"trueClientIpClientSetting\":true,\"trueClientIpHeader\":\"True-Client-IP\",\"verificationMode\":\"CUSTOM\"}},{\"name\":\"cpCode\",\"options\":{\"value\":{\"cpCodeLimits\":{\"currentCapacity\":3474,\"limit\":10000,\"limitType\":\"account\"},\"createdDate\":1701796224000,\"description\":\"Viraj.Master.Lab.2023\",\"id\":1569240,\"name\":\"Viraj.Master.Lab.2023\",\"products\":[\"Fresca\"]}}},{\"name\":\"mPulse\",\"options\":{\"apiKey\":\"9EY8D-YL765-QZV6K-NFA9S-JRUHN\",\"bufferSize\":\"\",\"configOverride\":\"\",\"enabled\":true,\"loaderVersion\":\"V12\",\"requirePci\":false,\"titleOptional\":\"\"}}],\"children\":[{\"behaviors\":[{\"name\":\"origin\",\"options\":{\"netStorage\":{\"cpCode\":320422,\"downloadDomainName\":\"atf.download.akamai.com\"},\"originType\":\"NET_STORAGE\"}},{\"name\":\"caching\",\"options\":{\"behavior\":\"MAX_AGE\",\"mustRevalidate\":false,\"ttl\":\"10m\"}},{\"name\":\"rewriteUrl\",\"options\":{\"behavior\":\"REPLACE\",\"keepQueryString\":true,\"match\":\"/sandbox/\",\"matchMultiple\":false,\"targetPath\":\"/sfztest1/Archive/\"}}],\"criteria\":[{\"name\":\"path\",\"options\":{\"matchCaseSensitive\":false,\"matchOperator\":\"MATCHES_ONE_OF\",\"normalize\":false,\"values\":[\"/sandbox/*\"]}}],\"name\":\"/content/*\",\"options\":{},\"criteriaMustSatisfy\":\"all\"},{\"behaviors\":[{\"name\":\"simulateErrorCode\",\"options\":{\"errorType\":\"ERR_CONNECT_FAIL\"}}],\"criteria\":[{\"name\":\"requestHeader\",\"options\":{\"headerName\":\"breakconnection\",\"matchCaseSensitiveValue\":true,\"matchOperator\":\"IS_ONE_OF\",\"matchWildcardName\":false,\"matchWildcardValue\":false,\"values\":[\"true\"]}}],\"name\":\"Break connection\",\"options\":{},\"criteriaMustSatisfy\":\"all\"},{\"behaviors\":[{\"name\":\"advanced\",\"options\":{\"description\":\"Response Header X-Ref-Error\",\"xml\":\"\\u003cedgeservices:modify-outgoing-response.add-error-reference-header\\u003eon\\u003c/edgeservices:modify-outgoing-response.add-error-reference-header\\u003e\"},\"uuid\":\"f3d666cf-77e7-4b27-abfe-d48530a04bc1\"},{\"name\":\"globalRequestNumber\",\"options\":{\"headerName\":\"Akamai-GRN\",\"outputOption\":\"RESPONSE_HEADER\"}}],\"name\":\"Reference Error\",\"options\":{},\"uuid\":\"cbfae6c1-ff6d-4fc0-b75a-3fa4937c4fde\",\"criteriaMustSatisfy\":\"any\"},{\"behaviors\":[{\"name\":\"caching\",\"options\":{\"behavior\":\"CACHE_CONTROL\",\"cacheControlDirectives\":\"\",\"defaultTtl\":\"1h\",\"enhancedRfcSupport\":false,\"honorMustRevalidate\":false,\"honorPrivate\":false,\"mustRevalidate\":false}}],\"children\":[{\"behaviors\":[{\"name\":\"advanced\",\"options\":{\"description\":\"Caching for 200 OK\",\"xml\":\"\\u003cmatch:response.status value=\\\"200\\\" result=\\\"true\\\"\\u003e\\n    \\u003cedgeservices:modify-incoming-response.add-header\\u003e\\n        \\u003cstatus\\u003eon\\u003c/status\\u003e\\n        \\u003cname\\u003ecache-control\\u003c/name\\u003e\\n        \\u003cvalue\\u003emax-age=31536000\\u003c/value\\u003e\\n    \\u003c/edgeservices:modify-incoming-response.add-header\\u003e\\n\\u003c/match:response.status\\u003e\"},\"uuid\":\"2d0529c3-8d2b-4bf4-a5ef-abb3bba45f1a\"}],\"name\":\"200OK\",\"options\":{},\"uuid\":\"4b4fd63b-753d-42ab-a0fa-58698ab1a321\",\"criteriaMustSatisfy\":\"all\"}],\"name\":\"Caching\",\"options\":{},\"uuid\":\"e388511d-29ee-435b-981c-00fb34ea1d35\",\"criteriaMustSatisfy\":\"all\"}],\"comments\":\"The Default Rule template contains all the necessary and recommended behaviors. Rules are evaluated from top to bottom and the last matching rule wins.\",\"name\":\"default\",\"options\":{\"is_secure\":true},\"uuid\":\"default\",\"variables\":[{\"description\":\"\",\"hidden\":false,\"name\":\"PMUSER_JA3_FINGERPRINT\",\"sensitive\":false,\"value\":\"\"},{\"description\":\"\",\"hidden\":false,\"name\":\"PMUSER_REF_ERROR\",\"sensitive\":false,\"value\":\"\"},{\"description\":\"\",\"hidden\":false,\"name\":\"PMUSER_TLS_CLIENT_HELLO\",\"sensitive\":false,\"value\":\"\"},{\"description\":\"\",\"hidden\":false,\"name\":\"PMUSER_X_REFERENCE_NO\",\"sensitive\":false,\"value\":\"\"}]}}",
            "staging_version": 2,
            "use_hostname_bucket": false,
            "version_notes": "Testing SBD"
          },
          "sensitive_attributes": [],
          "identity_schema_version": 0,
          "private": "eyJzY2hlbWFfdmVyc2lvbiI6IjEifQ==",
          "dependencies": [
            "data.akamai_property_rules_builder.property_name_rule_-content--",
            "data.akamai_property_rules_builder.property_name_rule_200_ok",
            "data.akamai_property_rules_builder.property_name_rule_break_connection",
            "data.akamai_property_rules_builder.property_name_rule_caching",
            "data.akamai_property_rules_builder.property_name_rule_default",
            "data.akamai_property_rules_builder.property_name_rule_reference_error"
          ]
        }
      ]
    },
    {
      "mode": "managed",
      "type": "akamai_property_activation",
      "name": "property_name-staging",
      "provider": "provider[\"registry.terraform.io/akamai/akamai\"]",
      "instances": [
        {
          "schema_version": 1,
          "attributes": {
            "activation_id": "atv_18647732",
            "auto_acknowledge_rule_warnings": true,
            "compliance_record": [],
            "contact": [
              "videsa@akamai.com"
            ],
            "errors": "",
            "id": "prp_1291915:STAGING",
            "network": "STAGING",
            "note": "Testing SBD",
            "property_id": "prp_1291915",
            "rule_errors": [],
            "status": "ACTIVE",
            "timeouts": [],
            "version": 2,
            "warnings": ""
          },
          "sensitive_attributes": [],
          "identity_schema_version": 0,
          "private": "eyJlMmJmYjczMC1lY2FhLTExZTYtOGY4OC0zNDM2M2JjN2M0YzAiOnsiY3JlYXRlIjo1NDAwMDAwMDAwMDAwLCJkZWZhdWx0Ijo1NDAwMDAwMDAwMDAwLCJkZWxldGUiOjU0MDAwMDAwMDAwMDAsInJlYWQiOjU0MDAwMDAwMDAwMDAsInVwZGF0ZSI6NTQwMDAwMDAwMDAwMH0sInNjaGVtYV92ZXJzaW9uIjoiMSJ9",
          "dependencies": [
            "akamai_property.property_name",
            "data.akamai_property_rules_builder.property_name_rule_-content--",
            "data.akamai_property_rules_builder.property_name_rule_200_ok",
            "data.akamai_property_rules_builder.property_name_rule_break_connection",
            "data.akamai_property_rules_builder.property_name_rule_caching",
            "data.akamai_property_rules_builder.property_name_rule_default",
            "data.akamai_property_rules_builder.property_name_rule_reference_error"
          ]
        }
      ]
    }
  ],
  "check_results": null
}
